// !$*UTF8*$!
{
	archiveVersion = 1;
	classes = {
	};
	objectVersion = 50;
	objects = {

/* Begin PBXBuildFile section */
		0314194B21469BB50030B553 /* AppDelegate.m in Sources */ = {isa = PBXBuildFile; fileRef = 0314194A21469BB50030B553 /* AppDelegate.m */; };
		0314195321469BB60030B553 /* Assets.xcassets in Resources */ = {isa = PBXBuildFile; fileRef = 0314195221469BB60030B553 /* Assets.xcassets */; };
		0314195921469BB60030B553 /* main.m in Sources */ = {isa = PBXBuildFile; fileRef = 0314195821469BB60030B553 /* main.m */; };
		03141A352146A3FA0030B553 /* LWTextContainer.m in Sources */ = {isa = PBXBuildFile; fileRef = 031419E32146A3FA0030B553 /* LWTextContainer.m */; };
		03141A362146A3FA0030B553 /* LWTransaction.m in Sources */ = {isa = PBXBuildFile; fileRef = 031419E42146A3FA0030B553 /* LWTransaction.m */; };
		03141A372146A3FA0030B553 /* LWTextLayout.m in Sources */ = {isa = PBXBuildFile; fileRef = 031419E72146A3FA0030B553 /* LWTextLayout.m */; };
		03141A382146A3FB0030B553 /* LWCGRectTransform.m in Sources */ = {isa = PBXBuildFile; fileRef = 031419E92146A3FA0030B553 /* LWCGRectTransform.m */; };
		03141A392146A3FB0030B553 /* LWHTMLLayout.m in Sources */ = {isa = PBXBuildFile; fileRef = 031419EA2146A3FA0030B553 /* LWHTMLLayout.m */; };
		03141A3A2146A3FB0030B553 /* LWTextGlyph.m in Sources */ = {isa = PBXBuildFile; fileRef = 031419EB2146A3FA0030B553 /* LWTextGlyph.m */; };
		03141A3B2146A3FB0030B553 /* LWGIFImage.m in Sources */ = {isa = PBXBuildFile; fileRef = 031419EC2146A3FA0030B553 /* LWGIFImage.m */; };
		03141A3C2146A3FB0030B553 /* LWHTMLImageConfig.m in Sources */ = {isa = PBXBuildFile; fileRef = 031419EE2146A3FA0030B553 /* LWHTMLImageConfig.m */; };
		03141A3D2146A3FB0030B553 /* CALayer+WebCacheOperation.m in Sources */ = {isa = PBXBuildFile; fileRef = 031419F22146A3FA0030B553 /* CALayer+WebCacheOperation.m */; };
		03141A3E2146A3FB0030B553 /* LWAsyncImageView+Display.m in Sources */ = {isa = PBXBuildFile; fileRef = 031419F82146A3FA0030B553 /* LWAsyncImageView+Display.m */; };
		03141A3F2146A3FB0030B553 /* LWLayout.m in Sources */ = {isa = PBXBuildFile; fileRef = 031419FE2146A3FA0030B553 /* LWLayout.m */; };
		03141A402146A3FB0030B553 /* LWTransactionGroup.m in Sources */ = {isa = PBXBuildFile; fileRef = 031419FF2146A3FA0030B553 /* LWTransactionGroup.m */; };
		03141A412146A3FB0030B553 /* NSMutableAttributedString+Gallop.m in Sources */ = {isa = PBXBuildFile; fileRef = 03141A022146A3FA0030B553 /* NSMutableAttributedString+Gallop.m */; };
		03141A422146A3FB0030B553 /* NSManagedObject+LWLayout.m in Sources */ = {isa = PBXBuildFile; fileRef = 03141A042146A3FA0030B553 /* NSManagedObject+LWLayout.m */; };
		03141A432146A3FB0030B553 /* LWTextAttachment.m in Sources */ = {isa = PBXBuildFile; fileRef = 03141A062146A3FA0030B553 /* LWTextAttachment.m */; };
		03141A442146A3FB0030B553 /* NSString+HKMD5.m in Sources */ = {isa = PBXBuildFile; fileRef = 03141A082146A3FA0030B553 /* NSString+HKMD5.m */; };
		03141A452146A3FB0030B553 /* CALayer+LWTransaction.m in Sources */ = {isa = PBXBuildFile; fileRef = 03141A0A2146A3FA0030B553 /* CALayer+LWTransaction.m */; };
		03141A462146A3FB0030B553 /* LWHTMLTextConfig.m in Sources */ = {isa = PBXBuildFile; fileRef = 03141A0B2146A3FA0030B553 /* LWHTMLTextConfig.m */; };
		03141A472146A3FB0030B553 /* SDWebImageManager+Gallop.m in Sources */ = {isa = PBXBuildFile; fileRef = 03141A0C2146A3FA0030B553 /* SDWebImageManager+Gallop.m */; };
		03141A482146A3FB0030B553 /* LWFlag.m in Sources */ = {isa = PBXBuildFile; fileRef = 03141A0D2146A3FA0030B553 /* LWFlag.m */; };
		03141A492146A3FB0030B553 /* LWHTMLDisplayView.m in Sources */ = {isa = PBXBuildFile; fileRef = 03141A102146A3FA0030B553 /* LWHTMLDisplayView.m */; };
		03141A4A2146A3FB0030B553 /* LWTextLine.m in Sources */ = {isa = PBXBuildFile; fileRef = 03141A162146A3FA0030B553 /* LWTextLine.m */; };
		03141A4B2146A3FB0030B553 /* LWTextStorage.m in Sources */ = {isa = PBXBuildFile; fileRef = 03141A182146A3FA0030B553 /* LWTextStorage.m */; };
		03141A4C2146A3FB0030B553 /* LWStorageBuilder.m in Sources */ = {isa = PBXBuildFile; fileRef = 03141A192146A3FA0030B553 /* LWStorageBuilder.m */; };
		03141A4D2146A3FB0030B553 /* LWAsyncDisplayLayer.m in Sources */ = {isa = PBXBuildFile; fileRef = 03141A1B2146A3FA0030B553 /* LWAsyncDisplayLayer.m */; };
		03141A4E2146A3FB0030B553 /* LWImageStorage.m in Sources */ = {isa = PBXBuildFile; fileRef = 03141A1C2146A3FA0030B553 /* LWImageStorage.m */; };
		03141A4F2146A3FB0030B553 /* LWHTMLNode.m in Sources */ = {isa = PBXBuildFile; fileRef = 03141A1E2146A3FA0030B553 /* LWHTMLNode.m */; };
		03141A502146A3FB0030B553 /* LWAsyncImageView.m in Sources */ = {isa = PBXBuildFile; fileRef = 03141A202146A3FA0030B553 /* LWAsyncImageView.m */; };
		03141A512146A3FB0030B553 /* CALayer+WebCache.m in Sources */ = {isa = PBXBuildFile; fileRef = 03141A212146A3FA0030B553 /* CALayer+WebCache.m */; };
		03141A522146A3FB0030B553 /* SDImageCache+Gallop.m in Sources */ = {isa = PBXBuildFile; fileRef = 03141A222146A3FA0030B553 /* SDImageCache+Gallop.m */; };
		03141A532146A3FB0030B553 /* LWImageProcessor.m in Sources */ = {isa = PBXBuildFile; fileRef = 03141A232146A3FA0030B553 /* LWImageProcessor.m */; };
		03141A542146A3FB0030B553 /* GallopUtils.m in Sources */ = {isa = PBXBuildFile; fileRef = 03141A242146A3FA0030B553 /* GallopUtils.m */; };
		03141A552146A3FB0030B553 /* LWTextParser.m in Sources */ = {isa = PBXBuildFile; fileRef = 03141A252146A3FA0030B553 /* LWTextParser.m */; };
		03141A562146A3FB0030B553 /* LWStorage.m in Sources */ = {isa = PBXBuildFile; fileRef = 03141A272146A3FA0030B553 /* LWStorage.m */; };
		03141A572146A3FB0030B553 /* NSString+HTML.m in Sources */ = {isa = PBXBuildFile; fileRef = 03141A292146A3FA0030B553 /* NSString+HTML.m */; };
		03141A582146A3FB0030B553 /* LWAsyncDisplayView.m in Sources */ = {isa = PBXBuildFile; fileRef = 03141A2A2146A3FA0030B553 /* LWAsyncDisplayView.m */; };
		03141A592146A3FB0030B553 /* LWHTMLParser.m in Sources */ = {isa = PBXBuildFile; fileRef = 03141A2B2146A3FA0030B553 /* LWHTMLParser.m */; };
		03141A5A2146A3FB0030B553 /* LWAsyncImageView+WebCacheOperation.m in Sources */ = {isa = PBXBuildFile; fileRef = 03141A2D2146A3FA0030B553 /* LWAsyncImageView+WebCacheOperation.m */; };
		03141A5B2146A3FB0030B553 /* UIImage+Gallop.m in Sources */ = {isa = PBXBuildFile; fileRef = 03141A2F2146A3FA0030B553 /* UIImage+Gallop.m */; };
		03141A5C2146A3FB0030B553 /* LWTextRunDelegate.m in Sources */ = {isa = PBXBuildFile; fileRef = 03141A322146A3FA0030B553 /* LWTextRunDelegate.m */; };
		03141A5D2146A3FB0030B553 /* LWAsyncImageView+WebCache.m in Sources */ = {isa = PBXBuildFile; fileRef = 03141A342146A3FA0030B553 /* LWAsyncImageView+WebCache.m */; };
		03141A672146A64A0030B553 /* AppConfigurationTemplate.m in Sources */ = {isa = PBXBuildFile; fileRef = 03141A662146A64A0030B553 /* AppConfigurationTemplate.m */; };
		03141A6B2146A7B50030B553 /* libxml2.2.tbd in Frameworks */ = {isa = PBXBuildFile; fileRef = 03141A692146A7A60030B553 /* libxml2.2.tbd */; };
		499416C83B006E9CF274A068 /* Pods_Moments.framework in Frameworks */ = {isa = PBXBuildFile; fileRef = 9EA9D01FD7A1B70092AD68B9 /* Pods_Moments.framework */; };
		892720C62160CCD2006E066F /* SWTableViewController.m in Sources */ = {isa = PBXBuildFile; fileRef = 892720C52160CCD2006E066F /* SWTableViewController.m */; };
		892720C92160CED5006E066F /* YPNavigationController+Configure.m in Sources */ = {isa = PBXBuildFile; fileRef = 892720C72160CED5006E066F /* YPNavigationController+Configure.m */; };
		892720FA216C4956006E066F /* SWRealmConfiguration.m in Sources */ = {isa = PBXBuildFile; fileRef = 892720F9216C4956006E066F /* SWRealmConfiguration.m */; };
		89272198216DC5FA006E066F /* HTTraffic.m in Sources */ = {isa = PBXBuildFile; fileRef = 89272197216DC5FA006E066F /* HTTraffic.m */; };
		892721A0216DF1EC006E066F /* SWDataCounter.m in Sources */ = {isa = PBXBuildFile; fileRef = 8927219F216DF1EC006E066F /* SWDataCounter.m */; };
		892721A9216F3406006E066F /* SWColorViewController.m in Sources */ = {isa = PBXBuildFile; fileRef = 892721A8216F3406006E066F /* SWColorViewController.m */; };
		892721B1216F351B006E066F /* SWTheme.m in Sources */ = {isa = PBXBuildFile; fileRef = 892721B0216F351B006E066F /* SWTheme.m */; };
		897EBB7B2147664800CC32BF /* SWViewController.m in Sources */ = {isa = PBXBuildFile; fileRef = 897EBB7A2147664800CC32BF /* SWViewController.m */; };
		897EBB81214767DC00CC32BF /* IndexViewController.m in Sources */ = {isa = PBXBuildFile; fileRef = 897EBB80214767DC00CC32BF /* IndexViewController.m */; };
		897EBBCC2147C33200CC32BF /* UITableView+Common.m in Sources */ = {isa = PBXBuildFile; fileRef = 897EBBAD2147C33100CC32BF /* UITableView+Common.m */; };
		897EBBCD2147C33200CC32BF /* NSDictionary+HandleNSNull.m in Sources */ = {isa = PBXBuildFile; fileRef = 897EBBAE2147C33100CC32BF /* NSDictionary+HandleNSNull.m */; };
		897EBBCE2147C33200CC32BF /* UIColor+layer.m in Sources */ = {isa = PBXBuildFile; fileRef = 897EBBB12147C33100CC32BF /* UIColor+layer.m */; };
		897EBBD12147C33200CC32BF /* NSDate+Utilities.m in Sources */ = {isa = PBXBuildFile; fileRef = 897EBBB62147C33100CC32BF /* NSDate+Utilities.m */; };
		897EBBD22147C33200CC32BF /* UIView+Common.m in Sources */ = {isa = PBXBuildFile; fileRef = 897EBBB82147C33100CC32BF /* UIView+Common.m */; };
		897EBBD42147C33200CC32BF /* NSString+Common.m in Sources */ = {isa = PBXBuildFile; fileRef = 897EBBBE2147C33100CC32BF /* NSString+Common.m */; };
		897EBBD52147C33200CC32BF /* UIView+FrameGeometry.m in Sources */ = {isa = PBXBuildFile; fileRef = 897EBBBF2147C33100CC32BF /* UIView+FrameGeometry.m */; };
		897EBBD62147C33200CC32BF /* NSDate+Extension.m in Sources */ = {isa = PBXBuildFile; fileRef = 897EBBC22147C33100CC32BF /* NSDate+Extension.m */; };
		897EBBD72147C33200CC32BF /* UIView+GesAdditions.m in Sources */ = {isa = PBXBuildFile; fileRef = 897EBBC42147C33100CC32BF /* UIView+GesAdditions.m */; };
		897EBBD82147C33200CC32BF /* NSDictionary+Safe.m in Sources */ = {isa = PBXBuildFile; fileRef = 897EBBC62147C33100CC32BF /* NSDictionary+Safe.m */; };
		897EBBD92147C33200CC32BF /* UIViewController+Animation.m in Sources */ = {isa = PBXBuildFile; fileRef = 897EBBCA2147C33100CC32BF /* UIViewController+Animation.m */; };
		897EBBDA2147C33200CC32BF /* UIImage+UI.m in Sources */ = {isa = PBXBuildFile; fileRef = 897EBBCB2147C33100CC32BF /* UIImage+UI.m */; };
		897EBBE4214A2F8D00CC32BF /* GoogleService-Info.plist in Resources */ = {isa = PBXBuildFile; fileRef = 897EBBE3214A2F8D00CC32BF /* GoogleService-Info.plist */; };
		89DF91CB215F2C9300AFE6B2 /* NSObject+CMAutoTracker.m in Sources */ = {isa = PBXBuildFile; fileRef = 89DF91C5215F2C9300AFE6B2 /* NSObject+CMAutoTracker.m */; };
		89DF91CC215F2C9300AFE6B2 /* CMAutoTrackerOperation.m in Sources */ = {isa = PBXBuildFile; fileRef = 89DF91C6215F2C9300AFE6B2 /* CMAutoTrackerOperation.m */; };
		89DF91CD215F2C9300AFE6B2 /* UIViewController+CMAutoTracker.m in Sources */ = {isa = PBXBuildFile; fileRef = 89DF91C7215F2C9300AFE6B2 /* UIViewController+CMAutoTracker.m */; };
		89DF92392160645600AFE6B2 /* XLForm.bundle in Resources */ = {isa = PBXBuildFile; fileRef = 89DF91E42160645600AFE6B2 /* XLForm.bundle */; };
		89DF923A2160645600AFE6B2 /* XLFormTextViewCell.m in Sources */ = {isa = PBXBuildFile; fileRef = 89DF91E82160645600AFE6B2 /* XLFormTextViewCell.m */; };
		89DF923B2160645600AFE6B2 /* XLFormStepCounterCell.m in Sources */ = {isa = PBXBuildFile; fileRef = 89DF91EA2160645600AFE6B2 /* XLFormStepCounterCell.m */; };
		89DF923C2160645600AFE6B2 /* XLFormSegmentedCell.m in Sources */ = {isa = PBXBuildFile; fileRef = 89DF91EB2160645600AFE6B2 /* XLFormSegmentedCell.m */; };
		89DF923D2160645600AFE6B2 /* XLFormCheckCell.m in Sources */ = {isa = PBXBuildFile; fileRef = 89DF91EC2160645600AFE6B2 /* XLFormCheckCell.m */; };
		89DF923E2160645600AFE6B2 /* XLFormButtonCell.m in Sources */ = {isa = PBXBuildFile; fileRef = 89DF91ED2160645600AFE6B2 /* XLFormButtonCell.m */; };
		89DF923F2160645600AFE6B2 /* XLFormBaseCell.m in Sources */ = {isa = PBXBuildFile; fileRef = 89DF91F22160645600AFE6B2 /* XLFormBaseCell.m */; };
		89DF92402160645600AFE6B2 /* XLFormSwitchCell.m in Sources */ = {isa = PBXBuildFile; fileRef = 89DF91F42160645600AFE6B2 /* XLFormSwitchCell.m */; };
		89DF92412160645600AFE6B2 /* XLFormSliderCell.m in Sources */ = {isa = PBXBuildFile; fileRef = 89DF91F92160645600AFE6B2 /* XLFormSliderCell.m */; };
		89DF92422160645600AFE6B2 /* XLFormInlineSelectorCell.m in Sources */ = {isa = PBXBuildFile; fileRef = 89DF91FB2160645600AFE6B2 /* XLFormInlineSelectorCell.m */; };
		89DF92432160645600AFE6B2 /* XLFormImageCell.m in Sources */ = {isa = PBXBuildFile; fileRef = 89DF92002160645600AFE6B2 /* XLFormImageCell.m */; };
		89DF92442160645600AFE6B2 /* XLFormLeftRightSelectorCell.m in Sources */ = {isa = PBXBuildFile; fileRef = 89DF92022160645600AFE6B2 /* XLFormLeftRightSelectorCell.m */; };
		89DF92452160645600AFE6B2 /* XLFormPickerCell.m in Sources */ = {isa = PBXBuildFile; fileRef = 89DF92042160645600AFE6B2 /* XLFormPickerCell.m */; };
		89DF92462160645600AFE6B2 /* XLFormDateCell.m in Sources */ = {isa = PBXBuildFile; fileRef = 89DF92062160645600AFE6B2 /* XLFormDateCell.m */; };
		89DF92472160645600AFE6B2 /* XLFormSelectorCell.m in Sources */ = {isa = PBXBuildFile; fileRef = 89DF92072160645600AFE6B2 /* XLFormSelectorCell.m */; };
		89DF92482160645600AFE6B2 /* XLFormTextFieldCell.m in Sources */ = {isa = PBXBuildFile; fileRef = 89DF92082160645600AFE6B2 /* XLFormTextFieldCell.m */; };
		89DF92492160645600AFE6B2 /* XLFormDatePickerCell.m in Sources */ = {isa = PBXBuildFile; fileRef = 89DF92092160645600AFE6B2 /* XLFormDatePickerCell.m */; };
		89DF924A2160645600AFE6B2 /* XLFormSectionDescriptor.m in Sources */ = {isa = PBXBuildFile; fileRef = 89DF920E2160645600AFE6B2 /* XLFormSectionDescriptor.m */; };
		89DF924B2160645600AFE6B2 /* XLFormRowDescriptor.m in Sources */ = {isa = PBXBuildFile; fileRef = 89DF920F2160645600AFE6B2 /* XLFormRowDescriptor.m */; };
		89DF924C2160645600AFE6B2 /* XLFormDescriptor.m in Sources */ = {isa = PBXBuildFile; fileRef = 89DF92102160645600AFE6B2 /* XLFormDescriptor.m */; };
		89DF924D2160645600AFE6B2 /* XLFormViewController.m in Sources */ = {isa = PBXBuildFile; fileRef = 89DF92132160645600AFE6B2 /* XLFormViewController.m */; };
		89DF924E2160645600AFE6B2 /* XLFormOptionsViewController.m in Sources */ = {isa = PBXBuildFile; fileRef = 89DF92182160645600AFE6B2 /* XLFormOptionsViewController.m */; };
		89DF924F2160645600AFE6B2 /* XLFormOptionsObject.m in Sources */ = {isa = PBXBuildFile; fileRef = 89DF92192160645600AFE6B2 /* XLFormOptionsObject.m */; };
		89DF92502160645600AFE6B2 /* XLForm.m in Sources */ = {isa = PBXBuildFile; fileRef = 89DF921A2160645600AFE6B2 /* XLForm.m */; };
		89DF92512160645600AFE6B2 /* NSObject+XLFormAdditions.m in Sources */ = {isa = PBXBuildFile; fileRef = 89DF921C2160645600AFE6B2 /* NSObject+XLFormAdditions.m */; };
		89DF92522160645600AFE6B2 /* NSPredicate+XLFormAdditions.m in Sources */ = {isa = PBXBuildFile; fileRef = 89DF921D2160645600AFE6B2 /* NSPredicate+XLFormAdditions.m */; };
		89DF92532160645600AFE6B2 /* NSExpression+XLFormAdditions.m in Sources */ = {isa = PBXBuildFile; fileRef = 89DF921E2160645600AFE6B2 /* NSExpression+XLFormAdditions.m */; };
		89DF92542160645600AFE6B2 /* NSString+XLFormAdditions.m in Sources */ = {isa = PBXBuildFile; fileRef = 89DF92212160645600AFE6B2 /* NSString+XLFormAdditions.m */; };
		89DF92552160645600AFE6B2 /* XLFormRightImageButton.m in Sources */ = {isa = PBXBuildFile; fileRef = 89DF92262160645600AFE6B2 /* XLFormRightImageButton.m */; };
		89DF92562160645600AFE6B2 /* XLFormTextView.m in Sources */ = {isa = PBXBuildFile; fileRef = 89DF92272160645600AFE6B2 /* XLFormTextView.m */; };
		89DF92572160645600AFE6B2 /* XLFormRowNavigationAccessoryView.m in Sources */ = {isa = PBXBuildFile; fileRef = 89DF92282160645600AFE6B2 /* XLFormRowNavigationAccessoryView.m */; };
		89DF92582160645600AFE6B2 /* XLFormRightDetailCell.m in Sources */ = {isa = PBXBuildFile; fileRef = 89DF92292160645600AFE6B2 /* XLFormRightDetailCell.m */; };
		89DF92592160645600AFE6B2 /* NSArray+XLFormAdditions.m in Sources */ = {isa = PBXBuildFile; fileRef = 89DF922F2160645600AFE6B2 /* NSArray+XLFormAdditions.m */; };
		89DF925A2160645600AFE6B2 /* UIView+XLFormAdditions.m in Sources */ = {isa = PBXBuildFile; fileRef = 89DF92302160645600AFE6B2 /* UIView+XLFormAdditions.m */; };
		89DF925B2160645600AFE6B2 /* XLFormRegexValidator.m in Sources */ = {isa = PBXBuildFile; fileRef = 89DF92322160645600AFE6B2 /* XLFormRegexValidator.m */; };
		89DF925C2160645600AFE6B2 /* XLFormValidationStatus.m in Sources */ = {isa = PBXBuildFile; fileRef = 89DF92342160645600AFE6B2 /* XLFormValidationStatus.m */; };
		89DF925D2160645600AFE6B2 /* XLFormValidator.m in Sources */ = {isa = PBXBuildFile; fileRef = 89DF92352160645600AFE6B2 /* XLFormValidator.m */; };
/* End PBXBuildFile section */

/* Begin PBXFileReference section */
		0314194621469BB50030B553 /* Moments.app */ = {isa = PBXFileReference; explicitFileType = wrapper.application; includeInIndex = 0; path = Moments.app; sourceTree = BUILT_PRODUCTS_DIR; };
		0314194921469BB50030B553 /* AppDelegate.h */ = {isa = PBXFileReference; lastKnownFileType = sourcecode.c.h; path = AppDelegate.h; sourceTree = "<group>"; };
		0314194A21469BB50030B553 /* AppDelegate.m */ = {isa = PBXFileReference; lastKnownFileType = sourcecode.c.objc; path = AppDelegate.m; sourceTree = "<group>"; };
		0314195221469BB60030B553 /* Assets.xcassets */ = {isa = PBXFileReference; lastKnownFileType = folder.assetcatalog; path = Assets.xcassets; sourceTree = "<group>"; };
		0314195721469BB60030B553 /* Info.plist */ = {isa = PBXFileReference; lastKnownFileType = text.plist.xml; path = Info.plist; sourceTree = "<group>"; };
		0314195821469BB60030B553 /* main.m */ = {isa = PBXFileReference; lastKnownFileType = sourcecode.c.objc; path = main.m; sourceTree = "<group>"; };
		031419E12146A3FA0030B553 /* LWAsyncDisplayLayer.h */ = {isa = PBXFileReference; fileEncoding = 4; lastKnownFileType = sourcecode.c.h; path = LWAsyncDisplayLayer.h; sourceTree = "<group>"; };
		031419E22146A3FA0030B553 /* LWImageStorage.h */ = {isa = PBXFileReference; fileEncoding = 4; lastKnownFileType = sourcecode.c.h; path = LWImageStorage.h; sourceTree = "<group>"; };
		031419E32146A3FA0030B553 /* LWTextContainer.m */ = {isa = PBXFileReference; fileEncoding = 4; lastKnownFileType = sourcecode.c.objc; path = LWTextContainer.m; sourceTree = "<group>"; };
		031419E42146A3FA0030B553 /* LWTransaction.m */ = {isa = PBXFileReference; fileEncoding = 4; lastKnownFileType = sourcecode.c.objc; path = LWTransaction.m; sourceTree = "<group>"; };
		031419E52146A3FA0030B553 /* LWTextStorage.h */ = {isa = PBXFileReference; fileEncoding = 4; lastKnownFileType = sourcecode.c.h; path = LWTextStorage.h; sourceTree = "<group>"; };
		031419E62146A3FA0030B553 /* LWStorageBuilder.h */ = {isa = PBXFileReference; fileEncoding = 4; lastKnownFileType = sourcecode.c.h; path = LWStorageBuilder.h; sourceTree = "<group>"; };
		031419E72146A3FA0030B553 /* LWTextLayout.m */ = {isa = PBXFileReference; fileEncoding = 4; lastKnownFileType = sourcecode.c.objc; path = LWTextLayout.m; sourceTree = "<group>"; };
		031419E82146A3FA0030B553 /* LWTextLine.h */ = {isa = PBXFileReference; fileEncoding = 4; lastKnownFileType = sourcecode.c.h; path = LWTextLine.h; sourceTree = "<group>"; };
		031419E92146A3FA0030B553 /* LWCGRectTransform.m */ = {isa = PBXFileReference; fileEncoding = 4; lastKnownFileType = sourcecode.c.objc; path = LWCGRectTransform.m; sourceTree = "<group>"; };
		031419EA2146A3FA0030B553 /* LWHTMLLayout.m */ = {isa = PBXFileReference; fileEncoding = 4; lastKnownFileType = sourcecode.c.objc; path = LWHTMLLayout.m; sourceTree = "<group>"; };
		031419EB2146A3FA0030B553 /* LWTextGlyph.m */ = {isa = PBXFileReference; fileEncoding = 4; lastKnownFileType = sourcecode.c.objc; path = LWTextGlyph.m; sourceTree = "<group>"; };
		031419EC2146A3FA0030B553 /* LWGIFImage.m */ = {isa = PBXFileReference; fileEncoding = 4; lastKnownFileType = sourcecode.c.objc; path = LWGIFImage.m; sourceTree = "<group>"; };
		031419ED2146A3FA0030B553 /* LWHTMLDisplayView.h */ = {isa = PBXFileReference; fileEncoding = 4; lastKnownFileType = sourcecode.c.h; path = LWHTMLDisplayView.h; sourceTree = "<group>"; };
		031419EE2146A3FA0030B553 /* LWHTMLImageConfig.m */ = {isa = PBXFileReference; fileEncoding = 4; lastKnownFileType = sourcecode.c.objc; path = LWHTMLImageConfig.m; sourceTree = "<group>"; };
		031419EF2146A3FA0030B553 /* LWHTMLTextConfig.h */ = {isa = PBXFileReference; fileEncoding = 4; lastKnownFileType = sourcecode.c.h; path = LWHTMLTextConfig.h; sourceTree = "<group>"; };
		031419F02146A3FA0030B553 /* LWFlag.h */ = {isa = PBXFileReference; fileEncoding = 4; lastKnownFileType = sourcecode.c.h; path = LWFlag.h; sourceTree = "<group>"; };
		031419F12146A3FA0030B553 /* SDWebImageManager+Gallop.h */ = {isa = PBXFileReference; fileEncoding = 4; lastKnownFileType = sourcecode.c.h; path = "SDWebImageManager+Gallop.h"; sourceTree = "<group>"; };
		031419F22146A3FA0030B553 /* CALayer+WebCacheOperation.m */ = {isa = PBXFileReference; fileEncoding = 4; lastKnownFileType = sourcecode.c.objc; path = "CALayer+WebCacheOperation.m"; sourceTree = "<group>"; };
		031419F32146A3FA0030B553 /* GallopUtils.h */ = {isa = PBXFileReference; fileEncoding = 4; lastKnownFileType = sourcecode.c.h; path = GallopUtils.h; sourceTree = "<group>"; };
		031419F42146A3FA0030B553 /* LWImageProcessor.h */ = {isa = PBXFileReference; fileEncoding = 4; lastKnownFileType = sourcecode.c.h; path = LWImageProcessor.h; sourceTree = "<group>"; };
		031419F52146A3FA0030B553 /* SDImageCache+Gallop.h */ = {isa = PBXFileReference; fileEncoding = 4; lastKnownFileType = sourcecode.c.h; path = "SDImageCache+Gallop.h"; sourceTree = "<group>"; };
		031419F62146A3FA0030B553 /* CALayer+WebCache.h */ = {isa = PBXFileReference; fileEncoding = 4; lastKnownFileType = sourcecode.c.h; path = "CALayer+WebCache.h"; sourceTree = "<group>"; };
		031419F72146A3FA0030B553 /* LWAsyncImageView.h */ = {isa = PBXFileReference; fileEncoding = 4; lastKnownFileType = sourcecode.c.h; path = LWAsyncImageView.h; sourceTree = "<group>"; };
		031419F82146A3FA0030B553 /* LWAsyncImageView+Display.m */ = {isa = PBXFileReference; fileEncoding = 4; lastKnownFileType = sourcecode.c.objc; path = "LWAsyncImageView+Display.m"; sourceTree = "<group>"; };
		031419F92146A3FA0030B553 /* LWHTMLNode.h */ = {isa = PBXFileReference; fileEncoding = 4; lastKnownFileType = sourcecode.c.h; path = LWHTMLNode.h; sourceTree = "<group>"; };
		031419FA2146A3FA0030B553 /* LWHTMLParser.h */ = {isa = PBXFileReference; fileEncoding = 4; lastKnownFileType = sourcecode.c.h; path = LWHTMLParser.h; sourceTree = "<group>"; };
		031419FB2146A3FA0030B553 /* LWAsyncDisplayView.h */ = {isa = PBXFileReference; fileEncoding = 4; lastKnownFileType = sourcecode.c.h; path = LWAsyncDisplayView.h; sourceTree = "<group>"; };
		031419FC2146A3FA0030B553 /* NSString+HTML.h */ = {isa = PBXFileReference; fileEncoding = 4; lastKnownFileType = sourcecode.c.h; path = "NSString+HTML.h"; sourceTree = "<group>"; };
		031419FD2146A3FA0030B553 /* LWStorage.h */ = {isa = PBXFileReference; fileEncoding = 4; lastKnownFileType = sourcecode.c.h; path = LWStorage.h; sourceTree = "<group>"; };
		031419FE2146A3FA0030B553 /* LWLayout.m */ = {isa = PBXFileReference; fileEncoding = 4; lastKnownFileType = sourcecode.c.objc; path = LWLayout.m; sourceTree = "<group>"; };
		031419FF2146A3FA0030B553 /* LWTransactionGroup.m */ = {isa = PBXFileReference; fileEncoding = 4; lastKnownFileType = sourcecode.c.objc; path = LWTransactionGroup.m; sourceTree = "<group>"; };
		03141A002146A3FA0030B553 /* LWTextParser.h */ = {isa = PBXFileReference; fileEncoding = 4; lastKnownFileType = sourcecode.c.h; path = LWTextParser.h; sourceTree = "<group>"; };
		03141A012146A3FA0030B553 /* GallopDefine.h */ = {isa = PBXFileReference; fileEncoding = 4; lastKnownFileType = sourcecode.c.h; path = GallopDefine.h; sourceTree = "<group>"; };
		03141A022146A3FA0030B553 /* NSMutableAttributedString+Gallop.m */ = {isa = PBXFileReference; fileEncoding = 4; lastKnownFileType = sourcecode.c.objc; path = "NSMutableAttributedString+Gallop.m"; sourceTree = "<group>"; };
		03141A032146A3FA0030B553 /* LWAsyncImageView+WebCache.h */ = {isa = PBXFileReference; fileEncoding = 4; lastKnownFileType = sourcecode.c.h; path = "LWAsyncImageView+WebCache.h"; sourceTree = "<group>"; };
		03141A042146A3FA0030B553 /* NSManagedObject+LWLayout.m */ = {isa = PBXFileReference; fileEncoding = 4; lastKnownFileType = sourcecode.c.objc; path = "NSManagedObject+LWLayout.m"; sourceTree = "<group>"; };
		03141A052146A3FA0030B553 /* LWTextRunDelegate.h */ = {isa = PBXFileReference; fileEncoding = 4; lastKnownFileType = sourcecode.c.h; path = LWTextRunDelegate.h; sourceTree = "<group>"; };
		03141A062146A3FA0030B553 /* LWTextAttachment.m */ = {isa = PBXFileReference; fileEncoding = 4; lastKnownFileType = sourcecode.c.objc; path = LWTextAttachment.m; sourceTree = "<group>"; };
		03141A072146A3FA0030B553 /* UIImage+Gallop.h */ = {isa = PBXFileReference; fileEncoding = 4; lastKnownFileType = sourcecode.c.h; path = "UIImage+Gallop.h"; sourceTree = "<group>"; };
		03141A082146A3FA0030B553 /* NSString+HKMD5.m */ = {isa = PBXFileReference; fileEncoding = 4; lastKnownFileType = sourcecode.c.objc; path = "NSString+HKMD5.m"; sourceTree = "<group>"; };
		03141A092146A3FA0030B553 /* LWAsyncImageView+WebCacheOperation.h */ = {isa = PBXFileReference; fileEncoding = 4; lastKnownFileType = sourcecode.c.h; path = "LWAsyncImageView+WebCacheOperation.h"; sourceTree = "<group>"; };
		03141A0A2146A3FA0030B553 /* CALayer+LWTransaction.m */ = {isa = PBXFileReference; fileEncoding = 4; lastKnownFileType = sourcecode.c.objc; path = "CALayer+LWTransaction.m"; sourceTree = "<group>"; };
		03141A0B2146A3FA0030B553 /* LWHTMLTextConfig.m */ = {isa = PBXFileReference; fileEncoding = 4; lastKnownFileType = sourcecode.c.objc; path = LWHTMLTextConfig.m; sourceTree = "<group>"; };
		03141A0C2146A3FA0030B553 /* SDWebImageManager+Gallop.m */ = {isa = PBXFileReference; fileEncoding = 4; lastKnownFileType = sourcecode.c.objc; path = "SDWebImageManager+Gallop.m"; sourceTree = "<group>"; };
		03141A0D2146A3FA0030B553 /* LWFlag.m */ = {isa = PBXFileReference; fileEncoding = 4; lastKnownFileType = sourcecode.c.objc; path = LWFlag.m; sourceTree = "<group>"; };
		03141A0E2146A3FA0030B553 /* CALayer+WebCacheOperation.h */ = {isa = PBXFileReference; fileEncoding = 4; lastKnownFileType = sourcecode.c.h; path = "CALayer+WebCacheOperation.h"; sourceTree = "<group>"; };
		03141A0F2146A3FA0030B553 /* LWHTMLImageConfig.h */ = {isa = PBXFileReference; fileEncoding = 4; lastKnownFileType = sourcecode.c.h; path = LWHTMLImageConfig.h; sourceTree = "<group>"; };
		03141A102146A3FA0030B553 /* LWHTMLDisplayView.m */ = {isa = PBXFileReference; fileEncoding = 4; lastKnownFileType = sourcecode.c.objc; path = LWHTMLDisplayView.m; sourceTree = "<group>"; };
		03141A112146A3FA0030B553 /* LWTextGlyph.h */ = {isa = PBXFileReference; fileEncoding = 4; lastKnownFileType = sourcecode.c.h; path = LWTextGlyph.h; sourceTree = "<group>"; };
		03141A122146A3FA0030B553 /* LWGIFImage.h */ = {isa = PBXFileReference; fileEncoding = 4; lastKnownFileType = sourcecode.c.h; path = LWGIFImage.h; sourceTree = "<group>"; };
		03141A132146A3FA0030B553 /* LWHTMLLayout.h */ = {isa = PBXFileReference; fileEncoding = 4; lastKnownFileType = sourcecode.c.h; path = LWHTMLLayout.h; sourceTree = "<group>"; };
		03141A142146A3FA0030B553 /* LWCGRectTransform.h */ = {isa = PBXFileReference; fileEncoding = 4; lastKnownFileType = sourcecode.c.h; path = LWCGRectTransform.h; sourceTree = "<group>"; };
		03141A152146A3FA0030B553 /* Gallop.h */ = {isa = PBXFileReference; fileEncoding = 4; lastKnownFileType = sourcecode.c.h; path = Gallop.h; sourceTree = "<group>"; };
		03141A162146A3FA0030B553 /* LWTextLine.m */ = {isa = PBXFileReference; fileEncoding = 4; lastKnownFileType = sourcecode.c.objc; path = LWTextLine.m; sourceTree = "<group>"; };
		03141A172146A3FA0030B553 /* LWTextLayout.h */ = {isa = PBXFileReference; fileEncoding = 4; lastKnownFileType = sourcecode.c.h; path = LWTextLayout.h; sourceTree = "<group>"; };
		03141A182146A3FA0030B553 /* LWTextStorage.m */ = {isa = PBXFileReference; fileEncoding = 4; lastKnownFileType = sourcecode.c.objc; path = LWTextStorage.m; sourceTree = "<group>"; };
		03141A192146A3FA0030B553 /* LWStorageBuilder.m */ = {isa = PBXFileReference; fileEncoding = 4; lastKnownFileType = sourcecode.c.objc; path = LWStorageBuilder.m; sourceTree = "<group>"; };
		03141A1A2146A3FA0030B553 /* LWTransaction.h */ = {isa = PBXFileReference; fileEncoding = 4; lastKnownFileType = sourcecode.c.h; path = LWTransaction.h; sourceTree = "<group>"; };
		03141A1B2146A3FA0030B553 /* LWAsyncDisplayLayer.m */ = {isa = PBXFileReference; fileEncoding = 4; lastKnownFileType = sourcecode.c.objc; path = LWAsyncDisplayLayer.m; sourceTree = "<group>"; };
		03141A1C2146A3FA0030B553 /* LWImageStorage.m */ = {isa = PBXFileReference; fileEncoding = 4; lastKnownFileType = sourcecode.c.objc; path = LWImageStorage.m; sourceTree = "<group>"; };
		03141A1D2146A3FA0030B553 /* LWTextContainer.h */ = {isa = PBXFileReference; fileEncoding = 4; lastKnownFileType = sourcecode.c.h; path = LWTextContainer.h; sourceTree = "<group>"; };
		03141A1E2146A3FA0030B553 /* LWHTMLNode.m */ = {isa = PBXFileReference; fileEncoding = 4; lastKnownFileType = sourcecode.c.objc; path = LWHTMLNode.m; sourceTree = "<group>"; };
		03141A1F2146A3FA0030B553 /* LWAsyncImageView+Display.h */ = {isa = PBXFileReference; fileEncoding = 4; lastKnownFileType = sourcecode.c.h; path = "LWAsyncImageView+Display.h"; sourceTree = "<group>"; };
		03141A202146A3FA0030B553 /* LWAsyncImageView.m */ = {isa = PBXFileReference; fileEncoding = 4; lastKnownFileType = sourcecode.c.objc; path = LWAsyncImageView.m; sourceTree = "<group>"; };
		03141A212146A3FA0030B553 /* CALayer+WebCache.m */ = {isa = PBXFileReference; fileEncoding = 4; lastKnownFileType = sourcecode.c.objc; path = "CALayer+WebCache.m"; sourceTree = "<group>"; };
		03141A222146A3FA0030B553 /* SDImageCache+Gallop.m */ = {isa = PBXFileReference; fileEncoding = 4; lastKnownFileType = sourcecode.c.objc; path = "SDImageCache+Gallop.m"; sourceTree = "<group>"; };
		03141A232146A3FA0030B553 /* LWImageProcessor.m */ = {isa = PBXFileReference; fileEncoding = 4; lastKnownFileType = sourcecode.c.objc; path = LWImageProcessor.m; sourceTree = "<group>"; };
		03141A242146A3FA0030B553 /* GallopUtils.m */ = {isa = PBXFileReference; fileEncoding = 4; lastKnownFileType = sourcecode.c.objc; path = GallopUtils.m; sourceTree = "<group>"; };
		03141A252146A3FA0030B553 /* LWTextParser.m */ = {isa = PBXFileReference; fileEncoding = 4; lastKnownFileType = sourcecode.c.objc; path = LWTextParser.m; sourceTree = "<group>"; };
		03141A262146A3FA0030B553 /* LWLayout.h */ = {isa = PBXFileReference; fileEncoding = 4; lastKnownFileType = sourcecode.c.h; path = LWLayout.h; sourceTree = "<group>"; };
		03141A272146A3FA0030B553 /* LWStorage.m */ = {isa = PBXFileReference; fileEncoding = 4; lastKnownFileType = sourcecode.c.objc; path = LWStorage.m; sourceTree = "<group>"; };
		03141A282146A3FA0030B553 /* LWTransactionGroup.h */ = {isa = PBXFileReference; fileEncoding = 4; lastKnownFileType = sourcecode.c.h; path = LWTransactionGroup.h; sourceTree = "<group>"; };
		03141A292146A3FA0030B553 /* NSString+HTML.m */ = {isa = PBXFileReference; fileEncoding = 4; lastKnownFileType = sourcecode.c.objc; path = "NSString+HTML.m"; sourceTree = "<group>"; };
		03141A2A2146A3FA0030B553 /* LWAsyncDisplayView.m */ = {isa = PBXFileReference; fileEncoding = 4; lastKnownFileType = sourcecode.c.objc; path = LWAsyncDisplayView.m; sourceTree = "<group>"; };
		03141A2B2146A3FA0030B553 /* LWHTMLParser.m */ = {isa = PBXFileReference; fileEncoding = 4; lastKnownFileType = sourcecode.c.objc; path = LWHTMLParser.m; sourceTree = "<group>"; };
		03141A2C2146A3FA0030B553 /* CALayer+LWTransaction.h */ = {isa = PBXFileReference; fileEncoding = 4; lastKnownFileType = sourcecode.c.h; path = "CALayer+LWTransaction.h"; sourceTree = "<group>"; };
		03141A2D2146A3FA0030B553 /* LWAsyncImageView+WebCacheOperation.m */ = {isa = PBXFileReference; fileEncoding = 4; lastKnownFileType = sourcecode.c.objc; path = "LWAsyncImageView+WebCacheOperation.m"; sourceTree = "<group>"; };
		03141A2E2146A3FA0030B553 /* NSString+HKMD5.h */ = {isa = PBXFileReference; fileEncoding = 4; lastKnownFileType = sourcecode.c.h; path = "NSString+HKMD5.h"; sourceTree = "<group>"; };
		03141A2F2146A3FA0030B553 /* UIImage+Gallop.m */ = {isa = PBXFileReference; fileEncoding = 4; lastKnownFileType = sourcecode.c.objc; path = "UIImage+Gallop.m"; sourceTree = "<group>"; };
		03141A302146A3FA0030B553 /* LWTextAttachment.h */ = {isa = PBXFileReference; fileEncoding = 4; lastKnownFileType = sourcecode.c.h; path = LWTextAttachment.h; sourceTree = "<group>"; };
		03141A312146A3FA0030B553 /* NSManagedObject+LWLayout.h */ = {isa = PBXFileReference; fileEncoding = 4; lastKnownFileType = sourcecode.c.h; path = "NSManagedObject+LWLayout.h"; sourceTree = "<group>"; };
		03141A322146A3FA0030B553 /* LWTextRunDelegate.m */ = {isa = PBXFileReference; fileEncoding = 4; lastKnownFileType = sourcecode.c.objc; path = LWTextRunDelegate.m; sourceTree = "<group>"; };
		03141A332146A3FA0030B553 /* NSMutableAttributedString+Gallop.h */ = {isa = PBXFileReference; fileEncoding = 4; lastKnownFileType = sourcecode.c.h; path = "NSMutableAttributedString+Gallop.h"; sourceTree = "<group>"; };
		03141A342146A3FA0030B553 /* LWAsyncImageView+WebCache.m */ = {isa = PBXFileReference; fileEncoding = 4; lastKnownFileType = sourcecode.c.objc; path = "LWAsyncImageView+WebCache.m"; sourceTree = "<group>"; };
		03141A652146A6490030B553 /* AppConfigurationTemplate.h */ = {isa = PBXFileReference; fileEncoding = 4; lastKnownFileType = sourcecode.c.h; path = AppConfigurationTemplate.h; sourceTree = "<group>"; };
		03141A662146A64A0030B553 /* AppConfigurationTemplate.m */ = {isa = PBXFileReference; fileEncoding = 4; lastKnownFileType = sourcecode.c.objc; path = AppConfigurationTemplate.m; sourceTree = "<group>"; };
		03141A692146A7A60030B553 /* libxml2.2.tbd */ = {isa = PBXFileReference; lastKnownFileType = "sourcecode.text-based-dylib-definition"; name = libxml2.2.tbd; path = usr/lib/libxml2.2.tbd; sourceTree = SDKROOT; };
		03141AA12146AADB0030B553 /* MomentsHeader.pch */ = {isa = PBXFileReference; fileEncoding = 4; lastKnownFileType = sourcecode.c.h; path = MomentsHeader.pch; sourceTree = "<group>"; };
		05BDC4358F3399D37FD7F08F /* Pods-Moments.debug.xcconfig */ = {isa = PBXFileReference; includeInIndex = 1; lastKnownFileType = text.xcconfig; name = "Pods-Moments.debug.xcconfig"; path = "Pods/Target Support Files/Pods-Moments/Pods-Moments.debug.xcconfig"; sourceTree = "<group>"; };
		892720C42160CCD1006E066F /* SWTableViewController.h */ = {isa = PBXFileReference; fileEncoding = 4; lastKnownFileType = sourcecode.c.h; path = SWTableViewController.h; sourceTree = "<group>"; };
		892720C52160CCD2006E066F /* SWTableViewController.m */ = {isa = PBXFileReference; fileEncoding = 4; lastKnownFileType = sourcecode.c.objc; path = SWTableViewController.m; sourceTree = "<group>"; };
		892720C72160CED5006E066F /* YPNavigationController+Configure.m */ = {isa = PBXFileReference; fileEncoding = 4; lastKnownFileType = sourcecode.c.objc; path = "YPNavigationController+Configure.m"; sourceTree = "<group>"; };
		892720C82160CED5006E066F /* YPNavigationController+Configure.h */ = {isa = PBXFileReference; fileEncoding = 4; lastKnownFileType = sourcecode.c.h; path = "YPNavigationController+Configure.h"; sourceTree = "<group>"; };
		892720F8216C4956006E066F /* SWRealmConfiguration.h */ = {isa = PBXFileReference; lastKnownFileType = sourcecode.c.h; path = SWRealmConfiguration.h; sourceTree = "<group>"; };
		892720F9216C4956006E066F /* SWRealmConfiguration.m */ = {isa = PBXFileReference; lastKnownFileType = sourcecode.c.objc; path = SWRealmConfiguration.m; sourceTree = "<group>"; };
		89272196216DC5FA006E066F /* HTTraffic.h */ = {isa = PBXFileReference; lastKnownFileType = sourcecode.c.h; path = HTTraffic.h; sourceTree = "<group>"; };
		89272197216DC5FA006E066F /* HTTraffic.m */ = {isa = PBXFileReference; lastKnownFileType = sourcecode.c.objc; path = HTTraffic.m; sourceTree = "<group>"; };
		8927219E216DF1EC006E066F /* SWDataCounter.h */ = {isa = PBXFileReference; lastKnownFileType = sourcecode.c.h; path = SWDataCounter.h; sourceTree = "<group>"; };
		8927219F216DF1EC006E066F /* SWDataCounter.m */ = {isa = PBXFileReference; lastKnownFileType = sourcecode.c.objc; path = SWDataCounter.m; sourceTree = "<group>"; };
		892721A7216F3406006E066F /* SWColorViewController.h */ = {isa = PBXFileReference; lastKnownFileType = sourcecode.c.h; path = SWColorViewController.h; sourceTree = "<group>"; };
		892721A8216F3406006E066F /* SWColorViewController.m */ = {isa = PBXFileReference; lastKnownFileType = sourcecode.c.objc; path = SWColorViewController.m; sourceTree = "<group>"; };
		892721AF216F351B006E066F /* SWTheme.h */ = {isa = PBXFileReference; lastKnownFileType = sourcecode.c.h; path = SWTheme.h; sourceTree = "<group>"; };
		892721B0216F351B006E066F /* SWTheme.m */ = {isa = PBXFileReference; lastKnownFileType = sourcecode.c.objc; path = SWTheme.m; sourceTree = "<group>"; };
		897EBB792147664800CC32BF /* SWViewController.h */ = {isa = PBXFileReference; lastKnownFileType = sourcecode.c.h; path = SWViewController.h; sourceTree = "<group>"; };
		897EBB7A2147664800CC32BF /* SWViewController.m */ = {isa = PBXFileReference; lastKnownFileType = sourcecode.c.objc; path = SWViewController.m; sourceTree = "<group>"; };
		897EBB7F214767DC00CC32BF /* IndexViewController.h */ = {isa = PBXFileReference; lastKnownFileType = sourcecode.c.h; path = IndexViewController.h; sourceTree = "<group>"; };
		897EBB80214767DC00CC32BF /* IndexViewController.m */ = {isa = PBXFileReference; lastKnownFileType = sourcecode.c.objc; path = IndexViewController.m; sourceTree = "<group>"; };
		897EBBAD2147C33100CC32BF /* UITableView+Common.m */ = {isa = PBXFileReference; fileEncoding = 4; lastKnownFileType = sourcecode.c.objc; path = "UITableView+Common.m"; sourceTree = "<group>"; };
		897EBBAE2147C33100CC32BF /* NSDictionary+HandleNSNull.m */ = {isa = PBXFileReference; fileEncoding = 4; lastKnownFileType = sourcecode.c.objc; path = "NSDictionary+HandleNSNull.m"; sourceTree = "<group>"; };
		897EBBAF2147C33100CC32BF /* NSString+Common.h */ = {isa = PBXFileReference; fileEncoding = 4; lastKnownFileType = sourcecode.c.h; path = "NSString+Common.h"; sourceTree = "<group>"; };
		897EBBB02147C33100CC32BF /* UIView+FrameGeometry.h */ = {isa = PBXFileReference; fileEncoding = 4; lastKnownFileType = sourcecode.c.h; path = "UIView+FrameGeometry.h"; sourceTree = "<group>"; };
		897EBBB12147C33100CC32BF /* UIColor+layer.m */ = {isa = PBXFileReference; fileEncoding = 4; lastKnownFileType = sourcecode.c.objc; path = "UIColor+layer.m"; sourceTree = "<group>"; };
		897EBBB32147C33100CC32BF /* NSDate+Extension.h */ = {isa = PBXFileReference; fileEncoding = 4; lastKnownFileType = sourcecode.c.h; path = "NSDate+Extension.h"; sourceTree = "<group>"; };
		897EBBB42147C33100CC32BF /* Category.h */ = {isa = PBXFileReference; fileEncoding = 4; lastKnownFileType = sourcecode.c.h; path = Category.h; sourceTree = "<group>"; };
		897EBBB62147C33100CC32BF /* NSDate+Utilities.m */ = {isa = PBXFileReference; fileEncoding = 4; lastKnownFileType = sourcecode.c.objc; path = "NSDate+Utilities.m"; sourceTree = "<group>"; };
		897EBBB72147C33100CC32BF /* NSDictionary+Safe.h */ = {isa = PBXFileReference; fileEncoding = 4; lastKnownFileType = sourcecode.c.h; path = "NSDictionary+Safe.h"; sourceTree = "<group>"; };
		897EBBB82147C33100CC32BF /* UIView+Common.m */ = {isa = PBXFileReference; fileEncoding = 4; lastKnownFileType = sourcecode.c.objc; path = "UIView+Common.m"; sourceTree = "<group>"; };
		897EBBBA2147C33100CC32BF /* UIView+GesAdditions.h */ = {isa = PBXFileReference; fileEncoding = 4; lastKnownFileType = sourcecode.c.h; path = "UIView+GesAdditions.h"; sourceTree = "<group>"; };
		897EBBBB2147C33100CC32BF /* UIImage+UI.h */ = {isa = PBXFileReference; fileEncoding = 4; lastKnownFileType = sourcecode.c.h; path = "UIImage+UI.h"; sourceTree = "<group>"; };
		897EBBBC2147C33100CC32BF /* UIViewController+Animation.h */ = {isa = PBXFileReference; fileEncoding = 4; lastKnownFileType = sourcecode.c.h; path = "UIViewController+Animation.h"; sourceTree = "<group>"; };
		897EBBBD2147C33100CC32BF /* UIColor+layer.h */ = {isa = PBXFileReference; fileEncoding = 4; lastKnownFileType = sourcecode.c.h; path = "UIColor+layer.h"; sourceTree = "<group>"; };
		897EBBBE2147C33100CC32BF /* NSString+Common.m */ = {isa = PBXFileReference; fileEncoding = 4; lastKnownFileType = sourcecode.c.objc; path = "NSString+Common.m"; sourceTree = "<group>"; };
		897EBBBF2147C33100CC32BF /* UIView+FrameGeometry.m */ = {isa = PBXFileReference; fileEncoding = 4; lastKnownFileType = sourcecode.c.objc; path = "UIView+FrameGeometry.m"; sourceTree = "<group>"; };
		897EBBC02147C33100CC32BF /* UITableView+Common.h */ = {isa = PBXFileReference; fileEncoding = 4; lastKnownFileType = sourcecode.c.h; path = "UITableView+Common.h"; sourceTree = "<group>"; };
		897EBBC12147C33100CC32BF /* NSDictionary+HandleNSNull.h */ = {isa = PBXFileReference; fileEncoding = 4; lastKnownFileType = sourcecode.c.h; path = "NSDictionary+HandleNSNull.h"; sourceTree = "<group>"; };
		897EBBC22147C33100CC32BF /* NSDate+Extension.m */ = {isa = PBXFileReference; fileEncoding = 4; lastKnownFileType = sourcecode.c.objc; path = "NSDate+Extension.m"; sourceTree = "<group>"; };
		897EBBC42147C33100CC32BF /* UIView+GesAdditions.m */ = {isa = PBXFileReference; fileEncoding = 4; lastKnownFileType = sourcecode.c.objc; path = "UIView+GesAdditions.m"; sourceTree = "<group>"; };
		897EBBC62147C33100CC32BF /* NSDictionary+Safe.m */ = {isa = PBXFileReference; fileEncoding = 4; lastKnownFileType = sourcecode.c.objc; path = "NSDictionary+Safe.m"; sourceTree = "<group>"; };
		897EBBC72147C33100CC32BF /* NSDate+Utilities.h */ = {isa = PBXFileReference; fileEncoding = 4; lastKnownFileType = sourcecode.c.h; path = "NSDate+Utilities.h"; sourceTree = "<group>"; };
		897EBBC82147C33100CC32BF /* UIView+Common.h */ = {isa = PBXFileReference; fileEncoding = 4; lastKnownFileType = sourcecode.c.h; path = "UIView+Common.h"; sourceTree = "<group>"; };
		897EBBCA2147C33100CC32BF /* UIViewController+Animation.m */ = {isa = PBXFileReference; fileEncoding = 4; lastKnownFileType = sourcecode.c.objc; path = "UIViewController+Animation.m"; sourceTree = "<group>"; };
		897EBBCB2147C33100CC32BF /* UIImage+UI.m */ = {isa = PBXFileReference; fileEncoding = 4; lastKnownFileType = sourcecode.c.objc; path = "UIImage+UI.m"; sourceTree = "<group>"; };
		897EBBE3214A2F8D00CC32BF /* GoogleService-Info.plist */ = {isa = PBXFileReference; lastKnownFileType = text.plist.xml; path = "GoogleService-Info.plist"; sourceTree = "<group>"; };
		89DF91C5215F2C9300AFE6B2 /* NSObject+CMAutoTracker.m */ = {isa = PBXFileReference; fileEncoding = 4; lastKnownFileType = sourcecode.c.objc; path = "NSObject+CMAutoTracker.m"; sourceTree = "<group>"; };
		89DF91C6215F2C9300AFE6B2 /* CMAutoTrackerOperation.m */ = {isa = PBXFileReference; fileEncoding = 4; lastKnownFileType = sourcecode.c.objc; path = CMAutoTrackerOperation.m; sourceTree = "<group>"; };
		89DF91C7215F2C9300AFE6B2 /* UIViewController+CMAutoTracker.m */ = {isa = PBXFileReference; fileEncoding = 4; lastKnownFileType = sourcecode.c.objc; path = "UIViewController+CMAutoTracker.m"; sourceTree = "<group>"; };
		89DF91C8215F2C9300AFE6B2 /* NSObject+CMAutoTracker.h */ = {isa = PBXFileReference; fileEncoding = 4; lastKnownFileType = sourcecode.c.h; path = "NSObject+CMAutoTracker.h"; sourceTree = "<group>"; };
		89DF91C9215F2C9300AFE6B2 /* CMAutoTrackerOperation.h */ = {isa = PBXFileReference; fileEncoding = 4; lastKnownFileType = sourcecode.c.h; path = CMAutoTrackerOperation.h; sourceTree = "<group>"; };
		89DF91CA215F2C9300AFE6B2 /* UIViewController+CMAutoTracker.h */ = {isa = PBXFileReference; fileEncoding = 4; lastKnownFileType = sourcecode.c.h; path = "UIViewController+CMAutoTracker.h"; sourceTree = "<group>"; };
		89DF91E42160645600AFE6B2 /* XLForm.bundle */ = {isa = PBXFileReference; lastKnownFileType = "wrapper.plug-in"; path = XLForm.bundle; sourceTree = "<group>"; };
		89DF91E62160645600AFE6B2 /* XLForm.h */ = {isa = PBXFileReference; fileEncoding = 4; lastKnownFileType = sourcecode.c.h; path = XLForm.h; sourceTree = "<group>"; };
		89DF91E82160645600AFE6B2 /* XLFormTextViewCell.m */ = {isa = PBXFileReference; fileEncoding = 4; lastKnownFileType = sourcecode.c.objc; path = XLFormTextViewCell.m; sourceTree = "<group>"; };
		89DF91E92160645600AFE6B2 /* XLFormInlineSelectorCell.h */ = {isa = PBXFileReference; fileEncoding = 4; lastKnownFileType = sourcecode.c.h; path = XLFormInlineSelectorCell.h; sourceTree = "<group>"; };
		89DF91EA2160645600AFE6B2 /* XLFormStepCounterCell.m */ = {isa = PBXFileReference; fileEncoding = 4; lastKnownFileType = sourcecode.c.objc; path = XLFormStepCounterCell.m; sourceTree = "<group>"; };
		89DF91EB2160645600AFE6B2 /* XLFormSegmentedCell.m */ = {isa = PBXFileReference; fileEncoding = 4; lastKnownFileType = sourcecode.c.objc; path = XLFormSegmentedCell.m; sourceTree = "<group>"; };
		89DF91EC2160645600AFE6B2 /* XLFormCheckCell.m */ = {isa = PBXFileReference; fileEncoding = 4; lastKnownFileType = sourcecode.c.objc; path = XLFormCheckCell.m; sourceTree = "<group>"; };
		89DF91ED2160645600AFE6B2 /* XLFormButtonCell.m */ = {isa = PBXFileReference; fileEncoding = 4; lastKnownFileType = sourcecode.c.objc; path = XLFormButtonCell.m; sourceTree = "<group>"; };
		89DF91EE2160645600AFE6B2 /* XLFormDescriptorCell.h */ = {isa = PBXFileReference; fileEncoding = 4; lastKnownFileType = sourcecode.c.h; path = XLFormDescriptorCell.h; sourceTree = "<group>"; };
		89DF91EF2160645600AFE6B2 /* XLFormPickerCell.h */ = {isa = PBXFileReference; fileEncoding = 4; lastKnownFileType = sourcecode.c.h; path = XLFormPickerCell.h; sourceTree = "<group>"; };
		89DF91F02160645600AFE6B2 /* XLFormInlineRowDescriptorCell.h */ = {isa = PBXFileReference; fileEncoding = 4; lastKnownFileType = sourcecode.c.h; path = XLFormInlineRowDescriptorCell.h; sourceTree = "<group>"; };
		89DF91F12160645600AFE6B2 /* XLFormLeftRightSelectorCell.h */ = {isa = PBXFileReference; fileEncoding = 4; lastKnownFileType = sourcecode.c.h; path = XLFormLeftRightSelectorCell.h; sourceTree = "<group>"; };
		89DF91F22160645600AFE6B2 /* XLFormBaseCell.m */ = {isa = PBXFileReference; fileEncoding = 4; lastKnownFileType = sourcecode.c.objc; path = XLFormBaseCell.m; sourceTree = "<group>"; };
		89DF91F32160645600AFE6B2 /* XLFormImageCell.h */ = {isa = PBXFileReference; fileEncoding = 4; lastKnownFileType = sourcecode.c.h; path = XLFormImageCell.h; sourceTree = "<group>"; };
		89DF91F42160645600AFE6B2 /* XLFormSwitchCell.m */ = {isa = PBXFileReference; fileEncoding = 4; lastKnownFileType = sourcecode.c.objc; path = XLFormSwitchCell.m; sourceTree = "<group>"; };
		89DF91F52160645600AFE6B2 /* XLFormDatePickerCell.h */ = {isa = PBXFileReference; fileEncoding = 4; lastKnownFileType = sourcecode.c.h; path = XLFormDatePickerCell.h; sourceTree = "<group>"; };
		89DF91F62160645600AFE6B2 /* XLFormTextFieldCell.h */ = {isa = PBXFileReference; fileEncoding = 4; lastKnownFileType = sourcecode.c.h; path = XLFormTextFieldCell.h; sourceTree = "<group>"; };
		89DF91F72160645600AFE6B2 /* XLFormSelectorCell.h */ = {isa = PBXFileReference; fileEncoding = 4; lastKnownFileType = sourcecode.c.h; path = XLFormSelectorCell.h; sourceTree = "<group>"; };
		89DF91F82160645600AFE6B2 /* XLFormDateCell.h */ = {isa = PBXFileReference; fileEncoding = 4; lastKnownFileType = sourcecode.c.h; path = XLFormDateCell.h; sourceTree = "<group>"; };
		89DF91F92160645600AFE6B2 /* XLFormSliderCell.m */ = {isa = PBXFileReference; fileEncoding = 4; lastKnownFileType = sourcecode.c.objc; path = XLFormSliderCell.m; sourceTree = "<group>"; };
		89DF91FA2160645600AFE6B2 /* XLFormStepCounterCell.h */ = {isa = PBXFileReference; fileEncoding = 4; lastKnownFileType = sourcecode.c.h; path = XLFormStepCounterCell.h; sourceTree = "<group>"; };
		89DF91FB2160645600AFE6B2 /* XLFormInlineSelectorCell.m */ = {isa = PBXFileReference; fileEncoding = 4; lastKnownFileType = sourcecode.c.objc; path = XLFormInlineSelectorCell.m; sourceTree = "<group>"; };
		89DF91FC2160645600AFE6B2 /* XLFormTextViewCell.h */ = {isa = PBXFileReference; fileEncoding = 4; lastKnownFileType = sourcecode.c.h; path = XLFormTextViewCell.h; sourceTree = "<group>"; };
		89DF91FD2160645600AFE6B2 /* XLFormButtonCell.h */ = {isa = PBXFileReference; fileEncoding = 4; lastKnownFileType = sourcecode.c.h; path = XLFormButtonCell.h; sourceTree = "<group>"; };
		89DF91FE2160645600AFE6B2 /* XLFormCheckCell.h */ = {isa = PBXFileReference; fileEncoding = 4; lastKnownFileType = sourcecode.c.h; path = XLFormCheckCell.h; sourceTree = "<group>"; };
		89DF91FF2160645600AFE6B2 /* XLFormSegmentedCell.h */ = {isa = PBXFileReference; fileEncoding = 4; lastKnownFileType = sourcecode.c.h; path = XLFormSegmentedCell.h; sourceTree = "<group>"; };
		89DF92002160645600AFE6B2 /* XLFormImageCell.m */ = {isa = PBXFileReference; fileEncoding = 4; lastKnownFileType = sourcecode.c.objc; path = XLFormImageCell.m; sourceTree = "<group>"; };
		89DF92012160645600AFE6B2 /* XLFormSwitchCell.h */ = {isa = PBXFileReference; fileEncoding = 4; lastKnownFileType = sourcecode.c.h; path = XLFormSwitchCell.h; sourceTree = "<group>"; };
		89DF92022160645600AFE6B2 /* XLFormLeftRightSelectorCell.m */ = {isa = PBXFileReference; fileEncoding = 4; lastKnownFileType = sourcecode.c.objc; path = XLFormLeftRightSelectorCell.m; sourceTree = "<group>"; };
		89DF92032160645600AFE6B2 /* XLFormBaseCell.h */ = {isa = PBXFileReference; fileEncoding = 4; lastKnownFileType = sourcecode.c.h; path = XLFormBaseCell.h; sourceTree = "<group>"; };
		89DF92042160645600AFE6B2 /* XLFormPickerCell.m */ = {isa = PBXFileReference; fileEncoding = 4; lastKnownFileType = sourcecode.c.objc; path = XLFormPickerCell.m; sourceTree = "<group>"; };
		89DF92052160645600AFE6B2 /* XLFormSliderCell.h */ = {isa = PBXFileReference; fileEncoding = 4; lastKnownFileType = sourcecode.c.h; path = XLFormSliderCell.h; sourceTree = "<group>"; };
		89DF92062160645600AFE6B2 /* XLFormDateCell.m */ = {isa = PBXFileReference; fileEncoding = 4; lastKnownFileType = sourcecode.c.objc; path = XLFormDateCell.m; sourceTree = "<group>"; };
		89DF92072160645600AFE6B2 /* XLFormSelectorCell.m */ = {isa = PBXFileReference; fileEncoding = 4; lastKnownFileType = sourcecode.c.objc; path = XLFormSelectorCell.m; sourceTree = "<group>"; };
		89DF92082160645600AFE6B2 /* XLFormTextFieldCell.m */ = {isa = PBXFileReference; fileEncoding = 4; lastKnownFileType = sourcecode.c.objc; path = XLFormTextFieldCell.m; sourceTree = "<group>"; };
		89DF92092160645600AFE6B2 /* XLFormDatePickerCell.m */ = {isa = PBXFileReference; fileEncoding = 4; lastKnownFileType = sourcecode.c.objc; path = XLFormDatePickerCell.m; sourceTree = "<group>"; };
		89DF920B2160645600AFE6B2 /* XLFormDescriptor.h */ = {isa = PBXFileReference; fileEncoding = 4; lastKnownFileType = sourcecode.c.h; path = XLFormDescriptor.h; sourceTree = "<group>"; };
		89DF920C2160645600AFE6B2 /* XLFormRowDescriptor.h */ = {isa = PBXFileReference; fileEncoding = 4; lastKnownFileType = sourcecode.c.h; path = XLFormRowDescriptor.h; sourceTree = "<group>"; };
		89DF920D2160645600AFE6B2 /* XLFormDescriptorDelegate.h */ = {isa = PBXFileReference; fileEncoding = 4; lastKnownFileType = sourcecode.c.h; path = XLFormDescriptorDelegate.h; sourceTree = "<group>"; };
		89DF920E2160645600AFE6B2 /* XLFormSectionDescriptor.m */ = {isa = PBXFileReference; fileEncoding = 4; lastKnownFileType = sourcecode.c.objc; path = XLFormSectionDescriptor.m; sourceTree = "<group>"; };
		89DF920F2160645600AFE6B2 /* XLFormRowDescriptor.m */ = {isa = PBXFileReference; fileEncoding = 4; lastKnownFileType = sourcecode.c.objc; path = XLFormRowDescriptor.m; sourceTree = "<group>"; };
		89DF92102160645600AFE6B2 /* XLFormDescriptor.m */ = {isa = PBXFileReference; fileEncoding = 4; lastKnownFileType = sourcecode.c.objc; path = XLFormDescriptor.m; sourceTree = "<group>"; };
		89DF92112160645600AFE6B2 /* XLFormSectionDescriptor.h */ = {isa = PBXFileReference; fileEncoding = 4; lastKnownFileType = sourcecode.c.h; path = XLFormSectionDescriptor.h; sourceTree = "<group>"; };
		89DF92132160645600AFE6B2 /* XLFormViewController.m */ = {isa = PBXFileReference; fileEncoding = 4; lastKnownFileType = sourcecode.c.objc; path = XLFormViewController.m; sourceTree = "<group>"; };
		89DF92142160645600AFE6B2 /* XLFormOptionsObject.h */ = {isa = PBXFileReference; fileEncoding = 4; lastKnownFileType = sourcecode.c.h; path = XLFormOptionsObject.h; sourceTree = "<group>"; };
		89DF92152160645600AFE6B2 /* XLFormOptionsViewController.h */ = {isa = PBXFileReference; fileEncoding = 4; lastKnownFileType = sourcecode.c.h; path = XLFormOptionsViewController.h; sourceTree = "<group>"; };
		89DF92162160645600AFE6B2 /* XLFormRowDescriptorViewController.h */ = {isa = PBXFileReference; fileEncoding = 4; lastKnownFileType = sourcecode.c.h; path = XLFormRowDescriptorViewController.h; sourceTree = "<group>"; };
		89DF92172160645600AFE6B2 /* XLFormViewController.h */ = {isa = PBXFileReference; fileEncoding = 4; lastKnownFileType = sourcecode.c.h; path = XLFormViewController.h; sourceTree = "<group>"; };
		89DF92182160645600AFE6B2 /* XLFormOptionsViewController.m */ = {isa = PBXFileReference; fileEncoding = 4; lastKnownFileType = sourcecode.c.objc; path = XLFormOptionsViewController.m; sourceTree = "<group>"; };
		89DF92192160645600AFE6B2 /* XLFormOptionsObject.m */ = {isa = PBXFileReference; fileEncoding = 4; lastKnownFileType = sourcecode.c.objc; path = XLFormOptionsObject.m; sourceTree = "<group>"; };
		89DF921A2160645600AFE6B2 /* XLForm.m */ = {isa = PBXFileReference; fileEncoding = 4; lastKnownFileType = sourcecode.c.objc; path = XLForm.m; sourceTree = "<group>"; };
		89DF921C2160645600AFE6B2 /* NSObject+XLFormAdditions.m */ = {isa = PBXFileReference; fileEncoding = 4; lastKnownFileType = sourcecode.c.objc; path = "NSObject+XLFormAdditions.m"; sourceTree = "<group>"; };
		89DF921D2160645600AFE6B2 /* NSPredicate+XLFormAdditions.m */ = {isa = PBXFileReference; fileEncoding = 4; lastKnownFileType = sourcecode.c.objc; path = "NSPredicate+XLFormAdditions.m"; sourceTree = "<group>"; };
		89DF921E2160645600AFE6B2 /* NSExpression+XLFormAdditions.m */ = {isa = PBXFileReference; fileEncoding = 4; lastKnownFileType = sourcecode.c.objc; path = "NSExpression+XLFormAdditions.m"; sourceTree = "<group>"; };
		89DF921F2160645600AFE6B2 /* UIView+XLFormAdditions.h */ = {isa = PBXFileReference; fileEncoding = 4; lastKnownFileType = sourcecode.c.h; path = "UIView+XLFormAdditions.h"; sourceTree = "<group>"; };
		89DF92202160645600AFE6B2 /* NSArray+XLFormAdditions.h */ = {isa = PBXFileReference; fileEncoding = 4; lastKnownFileType = sourcecode.c.h; path = "NSArray+XLFormAdditions.h"; sourceTree = "<group>"; };
		89DF92212160645600AFE6B2 /* NSString+XLFormAdditions.m */ = {isa = PBXFileReference; fileEncoding = 4; lastKnownFileType = sourcecode.c.objc; path = "NSString+XLFormAdditions.m"; sourceTree = "<group>"; };
		89DF92222160645600AFE6B2 /* NSObject+XLFormAdditions.h */ = {isa = PBXFileReference; fileEncoding = 4; lastKnownFileType = sourcecode.c.h; path = "NSObject+XLFormAdditions.h"; sourceTree = "<group>"; };
		89DF92232160645600AFE6B2 /* NSExpression+XLFormAdditions.h */ = {isa = PBXFileReference; fileEncoding = 4; lastKnownFileType = sourcecode.c.h; path = "NSExpression+XLFormAdditions.h"; sourceTree = "<group>"; };
		89DF92242160645600AFE6B2 /* NSPredicate+XLFormAdditions.h */ = {isa = PBXFileReference; fileEncoding = 4; lastKnownFileType = sourcecode.c.h; path = "NSPredicate+XLFormAdditions.h"; sourceTree = "<group>"; };
		89DF92262160645600AFE6B2 /* XLFormRightImageButton.m */ = {isa = PBXFileReference; fileEncoding = 4; lastKnownFileType = sourcecode.c.objc; path = XLFormRightImageButton.m; sourceTree = "<group>"; };
		89DF92272160645600AFE6B2 /* XLFormTextView.m */ = {isa = PBXFileReference; fileEncoding = 4; lastKnownFileType = sourcecode.c.objc; path = XLFormTextView.m; sourceTree = "<group>"; };
		89DF92282160645600AFE6B2 /* XLFormRowNavigationAccessoryView.m */ = {isa = PBXFileReference; fileEncoding = 4; lastKnownFileType = sourcecode.c.objc; path = XLFormRowNavigationAccessoryView.m; sourceTree = "<group>"; };
		89DF92292160645600AFE6B2 /* XLFormRightDetailCell.m */ = {isa = PBXFileReference; fileEncoding = 4; lastKnownFileType = sourcecode.c.objc; path = XLFormRightDetailCell.m; sourceTree = "<group>"; };
		89DF922A2160645600AFE6B2 /* XLFormTextView.h */ = {isa = PBXFileReference; fileEncoding = 4; lastKnownFileType = sourcecode.c.h; path = XLFormTextView.h; sourceTree = "<group>"; };
		89DF922B2160645600AFE6B2 /* XLFormRightImageButton.h */ = {isa = PBXFileReference; fileEncoding = 4; lastKnownFileType = sourcecode.c.h; path = XLFormRightImageButton.h; sourceTree = "<group>"; };
		89DF922C2160645600AFE6B2 /* XLFormRightDetailCell.h */ = {isa = PBXFileReference; fileEncoding = 4; lastKnownFileType = sourcecode.c.h; path = XLFormRightDetailCell.h; sourceTree = "<group>"; };
		89DF922D2160645600AFE6B2 /* XLFormRowNavigationAccessoryView.h */ = {isa = PBXFileReference; fileEncoding = 4; lastKnownFileType = sourcecode.c.h; path = XLFormRowNavigationAccessoryView.h; sourceTree = "<group>"; };
		89DF922E2160645600AFE6B2 /* NSString+XLFormAdditions.h */ = {isa = PBXFileReference; fileEncoding = 4; lastKnownFileType = sourcecode.c.h; path = "NSString+XLFormAdditions.h"; sourceTree = "<group>"; };
		89DF922F2160645600AFE6B2 /* NSArray+XLFormAdditions.m */ = {isa = PBXFileReference; fileEncoding = 4; lastKnownFileType = sourcecode.c.objc; path = "NSArray+XLFormAdditions.m"; sourceTree = "<group>"; };
		89DF92302160645600AFE6B2 /* UIView+XLFormAdditions.m */ = {isa = PBXFileReference; fileEncoding = 4; lastKnownFileType = sourcecode.c.objc; path = "UIView+XLFormAdditions.m"; sourceTree = "<group>"; };
		89DF92322160645600AFE6B2 /* XLFormRegexValidator.m */ = {isa = PBXFileReference; fileEncoding = 4; lastKnownFileType = sourcecode.c.objc; path = XLFormRegexValidator.m; sourceTree = "<group>"; };
		89DF92332160645600AFE6B2 /* XLFormValidator.h */ = {isa = PBXFileReference; fileEncoding = 4; lastKnownFileType = sourcecode.c.h; path = XLFormValidator.h; sourceTree = "<group>"; };
		89DF92342160645600AFE6B2 /* XLFormValidationStatus.m */ = {isa = PBXFileReference; fileEncoding = 4; lastKnownFileType = sourcecode.c.objc; path = XLFormValidationStatus.m; sourceTree = "<group>"; };
		89DF92352160645600AFE6B2 /* XLFormValidator.m */ = {isa = PBXFileReference; fileEncoding = 4; lastKnownFileType = sourcecode.c.objc; path = XLFormValidator.m; sourceTree = "<group>"; };
		89DF92362160645600AFE6B2 /* XLFormRegexValidator.h */ = {isa = PBXFileReference; fileEncoding = 4; lastKnownFileType = sourcecode.c.h; path = XLFormRegexValidator.h; sourceTree = "<group>"; };
		89DF92372160645600AFE6B2 /* XLFormValidationStatus.h */ = {isa = PBXFileReference; fileEncoding = 4; lastKnownFileType = sourcecode.c.h; path = XLFormValidationStatus.h; sourceTree = "<group>"; };
		89DF92382160645600AFE6B2 /* XLFormValidatorProtocol.h */ = {isa = PBXFileReference; fileEncoding = 4; lastKnownFileType = sourcecode.c.h; path = XLFormValidatorProtocol.h; sourceTree = "<group>"; };
		9EA9D01FD7A1B70092AD68B9 /* Pods_Moments.framework */ = {isa = PBXFileReference; explicitFileType = wrapper.framework; includeInIndex = 0; path = Pods_Moments.framework; sourceTree = BUILT_PRODUCTS_DIR; };
		A61FFE8889B53E330545BB1B /* Pods-Moments.release.xcconfig */ = {isa = PBXFileReference; includeInIndex = 1; lastKnownFileType = text.xcconfig; name = "Pods-Moments.release.xcconfig"; path = "Pods/Target Support Files/Pods-Moments/Pods-Moments.release.xcconfig"; sourceTree = "<group>"; };
/* End PBXFileReference section */

/* Begin PBXFrameworksBuildPhase section */
		0314194321469BB50030B553 /* Frameworks */ = {
			isa = PBXFrameworksBuildPhase;
			buildActionMask = 2147483647;
			files = (
				03141A6B2146A7B50030B553 /* libxml2.2.tbd in Frameworks */,
				499416C83B006E9CF274A068 /* Pods_Moments.framework in Frameworks */,
			);
			runOnlyForDeploymentPostprocessing = 0;
		};
/* End PBXFrameworksBuildPhase section */

/* Begin PBXGroup section */
		0314193D21469BB50030B553 = {
			isa = PBXGroup;
			children = (
				0314194821469BB50030B553 /* Moments */,
				0314194721469BB50030B553 /* Products */,
				434EBE3B6B699DD0AD3D57E5 /* Pods */,
				AD8237014271D1CACE5D2039 /* Frameworks */,
			);
			sourceTree = "<group>";
		};
		0314194721469BB50030B553 /* Products */ = {
			isa = PBXGroup;
			children = (
				0314194621469BB50030B553 /* Moments.app */,
			);
			name = Products;
			sourceTree = "<group>";
		};
		0314194821469BB50030B553 /* Moments */ = {
			isa = PBXGroup;
			children = (
				0314195F21469F4C0030B553 /* Main */,
				897EBB762147644100CC32BF /* Feature */,
				0314196121469F810030B553 /* Vendor */,
				03141A642146A6340030B553 /* Util */,
				89DF915C215E0FD100AFE6B2 /* Resources */,
				897EBB752147641E00CC32BF /* Base */,
				0314195221469BB60030B553 /* Assets.xcassets */,
				0314195721469BB60030B553 /* Info.plist */,
				03141AA12146AADB0030B553 /* MomentsHeader.pch */,
				0314195821469BB60030B553 /* main.m */,
				897EBBE3214A2F8D00CC32BF /* GoogleService-Info.plist */,
			);
			path = Moments;
			sourceTree = "<group>";
		};
		0314195F21469F4C0030B553 /* Main */ = {
			isa = PBXGroup;
			children = (
				0314194921469BB50030B553 /* AppDelegate.h */,
				0314194A21469BB50030B553 /* AppDelegate.m */,
				03141A652146A6490030B553 /* AppConfigurationTemplate.h */,
				03141A662146A64A0030B553 /* AppConfigurationTemplate.m */,
				892720F8216C4956006E066F /* SWRealmConfiguration.h */,
				892720F9216C4956006E066F /* SWRealmConfiguration.m */,
			);
			path = Main;
			sourceTree = "<group>";
		};
		0314196121469F810030B553 /* Vendor */ = {
			isa = PBXGroup;
			children = (
				89DF91E32160645600AFE6B2 /* XLForm */,
				031419E02146A3FA0030B553 /* Gallop */,
			);
			path = Vendor;
			sourceTree = "<group>";
		};
		031419E02146A3FA0030B553 /* Gallop */ = {
			isa = PBXGroup;
			children = (
				03141A2C2146A3FA0030B553 /* CALayer+LWTransaction.h */,
				03141A0A2146A3FA0030B553 /* CALayer+LWTransaction.m */,
				031419F62146A3FA0030B553 /* CALayer+WebCache.h */,
				03141A212146A3FA0030B553 /* CALayer+WebCache.m */,
				03141A0E2146A3FA0030B553 /* CALayer+WebCacheOperation.h */,
				031419F22146A3FA0030B553 /* CALayer+WebCacheOperation.m */,
				03141A152146A3FA0030B553 /* Gallop.h */,
				03141A012146A3FA0030B553 /* GallopDefine.h */,
				031419F32146A3FA0030B553 /* GallopUtils.h */,
				03141A242146A3FA0030B553 /* GallopUtils.m */,
				031419E12146A3FA0030B553 /* LWAsyncDisplayLayer.h */,
				03141A1B2146A3FA0030B553 /* LWAsyncDisplayLayer.m */,
				031419FB2146A3FA0030B553 /* LWAsyncDisplayView.h */,
				03141A2A2146A3FA0030B553 /* LWAsyncDisplayView.m */,
				031419F72146A3FA0030B553 /* LWAsyncImageView.h */,
				03141A202146A3FA0030B553 /* LWAsyncImageView.m */,
				03141A1F2146A3FA0030B553 /* LWAsyncImageView+Display.h */,
				031419F82146A3FA0030B553 /* LWAsyncImageView+Display.m */,
				03141A032146A3FA0030B553 /* LWAsyncImageView+WebCache.h */,
				03141A342146A3FA0030B553 /* LWAsyncImageView+WebCache.m */,
				03141A092146A3FA0030B553 /* LWAsyncImageView+WebCacheOperation.h */,
				03141A2D2146A3FA0030B553 /* LWAsyncImageView+WebCacheOperation.m */,
				03141A142146A3FA0030B553 /* LWCGRectTransform.h */,
				031419E92146A3FA0030B553 /* LWCGRectTransform.m */,
				031419F02146A3FA0030B553 /* LWFlag.h */,
				03141A0D2146A3FA0030B553 /* LWFlag.m */,
				03141A122146A3FA0030B553 /* LWGIFImage.h */,
				031419EC2146A3FA0030B553 /* LWGIFImage.m */,
				031419ED2146A3FA0030B553 /* LWHTMLDisplayView.h */,
				03141A102146A3FA0030B553 /* LWHTMLDisplayView.m */,
				03141A0F2146A3FA0030B553 /* LWHTMLImageConfig.h */,
				031419EE2146A3FA0030B553 /* LWHTMLImageConfig.m */,
				03141A132146A3FA0030B553 /* LWHTMLLayout.h */,
				031419EA2146A3FA0030B553 /* LWHTMLLayout.m */,
				031419F92146A3FA0030B553 /* LWHTMLNode.h */,
				03141A1E2146A3FA0030B553 /* LWHTMLNode.m */,
				031419FA2146A3FA0030B553 /* LWHTMLParser.h */,
				03141A2B2146A3FA0030B553 /* LWHTMLParser.m */,
				031419EF2146A3FA0030B553 /* LWHTMLTextConfig.h */,
				03141A0B2146A3FA0030B553 /* LWHTMLTextConfig.m */,
				031419F42146A3FA0030B553 /* LWImageProcessor.h */,
				03141A232146A3FA0030B553 /* LWImageProcessor.m */,
				031419E22146A3FA0030B553 /* LWImageStorage.h */,
				03141A1C2146A3FA0030B553 /* LWImageStorage.m */,
				03141A262146A3FA0030B553 /* LWLayout.h */,
				031419FE2146A3FA0030B553 /* LWLayout.m */,
				031419FD2146A3FA0030B553 /* LWStorage.h */,
				03141A272146A3FA0030B553 /* LWStorage.m */,
				031419E62146A3FA0030B553 /* LWStorageBuilder.h */,
				03141A192146A3FA0030B553 /* LWStorageBuilder.m */,
				03141A302146A3FA0030B553 /* LWTextAttachment.h */,
				03141A062146A3FA0030B553 /* LWTextAttachment.m */,
				03141A1D2146A3FA0030B553 /* LWTextContainer.h */,
				031419E32146A3FA0030B553 /* LWTextContainer.m */,
				03141A112146A3FA0030B553 /* LWTextGlyph.h */,
				031419EB2146A3FA0030B553 /* LWTextGlyph.m */,
				03141A172146A3FA0030B553 /* LWTextLayout.h */,
				031419E72146A3FA0030B553 /* LWTextLayout.m */,
				031419E82146A3FA0030B553 /* LWTextLine.h */,
				03141A162146A3FA0030B553 /* LWTextLine.m */,
				03141A002146A3FA0030B553 /* LWTextParser.h */,
				03141A252146A3FA0030B553 /* LWTextParser.m */,
				03141A052146A3FA0030B553 /* LWTextRunDelegate.h */,
				03141A322146A3FA0030B553 /* LWTextRunDelegate.m */,
				031419E52146A3FA0030B553 /* LWTextStorage.h */,
				03141A182146A3FA0030B553 /* LWTextStorage.m */,
				03141A1A2146A3FA0030B553 /* LWTransaction.h */,
				031419E42146A3FA0030B553 /* LWTransaction.m */,
				03141A282146A3FA0030B553 /* LWTransactionGroup.h */,
				031419FF2146A3FA0030B553 /* LWTransactionGroup.m */,
				03141A312146A3FA0030B553 /* NSManagedObject+LWLayout.h */,
				03141A042146A3FA0030B553 /* NSManagedObject+LWLayout.m */,
				03141A332146A3FA0030B553 /* NSMutableAttributedString+Gallop.h */,
				03141A022146A3FA0030B553 /* NSMutableAttributedString+Gallop.m */,
				03141A2E2146A3FA0030B553 /* NSString+HKMD5.h */,
				03141A082146A3FA0030B553 /* NSString+HKMD5.m */,
				031419FC2146A3FA0030B553 /* NSString+HTML.h */,
				03141A292146A3FA0030B553 /* NSString+HTML.m */,
				031419F52146A3FA0030B553 /* SDImageCache+Gallop.h */,
				03141A222146A3FA0030B553 /* SDImageCache+Gallop.m */,
				031419F12146A3FA0030B553 /* SDWebImageManager+Gallop.h */,
				03141A0C2146A3FA0030B553 /* SDWebImageManager+Gallop.m */,
				03141A072146A3FA0030B553 /* UIImage+Gallop.h */,
				03141A2F2146A3FA0030B553 /* UIImage+Gallop.m */,
			);
			path = Gallop;
			sourceTree = "<group>";
		};
		03141A642146A6340030B553 /* Util */ = {
			isa = PBXGroup;
			children = (
				89DF91C4215F2C9300AFE6B2 /* CMAutoTracker */,
				897EBBAC2147C33100CC32BF /* Category */,
				89272196216DC5FA006E066F /* HTTraffic.h */,
				89272197216DC5FA006E066F /* HTTraffic.m */,
			);
			path = Util;
			sourceTree = "<group>";
		};
		434EBE3B6B699DD0AD3D57E5 /* Pods */ = {
			isa = PBXGroup;
			children = (
				05BDC4358F3399D37FD7F08F /* Pods-Moments.debug.xcconfig */,
				A61FFE8889B53E330545BB1B /* Pods-Moments.release.xcconfig */,
			);
			name = Pods;
			sourceTree = "<group>";
		};
		8927219B216DF07A006E066F /* Controller */ = {
			isa = PBXGroup;
			children = (
				897EBB7F214767DC00CC32BF /* IndexViewController.h */,
				897EBB80214767DC00CC32BF /* IndexViewController.m */,
			);
			path = Controller;
			sourceTree = "<group>";
		};
		8927219C216DF08D006E066F /* Model */ = {
			isa = PBXGroup;
			children = (
				8927219E216DF1EC006E066F /* SWDataCounter.h */,
				8927219F216DF1EC006E066F /* SWDataCounter.m */,
			);
			path = Model;
			sourceTree = "<group>";
		};
		8927219D216DF095006E066F /* View */ = {
			isa = PBXGroup;
			children = (
			);
			path = View;
			sourceTree = "<group>";
		};
		892721AA216F340B006E066F /* Theme */ = {
			isa = PBXGroup;
			children = (
				892721AD216F34F5006E066F /* Model */,
				892721AC216F34EE006E066F /* View */,
				892721AB216F34E3006E066F /* Controller */,
			);
			path = Theme;
			sourceTree = "<group>";
		};
		892721AB216F34E3006E066F /* Controller */ = {
			isa = PBXGroup;
			children = (
				892721A7216F3406006E066F /* SWColorViewController.h */,
				892721A8216F3406006E066F /* SWColorViewController.m */,
			);
			path = Controller;
			sourceTree = "<group>";
		};
		892721AC216F34EE006E066F /* View */ = {
			isa = PBXGroup;
			children = (
			);
			path = View;
			sourceTree = "<group>";
		};
		892721AD216F34F5006E066F /* Model */ = {
			isa = PBXGroup;
			children = (
				892721AF216F351B006E066F /* SWTheme.h */,
				892721B0216F351B006E066F /* SWTheme.m */,
			);
			path = Model;
			sourceTree = "<group>";
		};
		897EBB752147641E00CC32BF /* Base */ = {
			isa = PBXGroup;
			children = (
				897EBB782147660000CC32BF /* Controller */,
			);
			path = Base;
			sourceTree = "<group>";
		};
		897EBB762147644100CC32BF /* Feature */ = {
			isa = PBXGroup;
			children = (
				892721AA216F340B006E066F /* Theme */,
				897EBB77214765E600CC32BF /* Index */,
			);
			path = Feature;
			sourceTree = "<group>";
		};
		897EBB77214765E600CC32BF /* Index */ = {
			isa = PBXGroup;
			children = (
				8927219D216DF095006E066F /* View */,
				8927219C216DF08D006E066F /* Model */,
				8927219B216DF07A006E066F /* Controller */,
			);
			path = Index;
			sourceTree = "<group>";
		};
		897EBB782147660000CC32BF /* Controller */ = {
			isa = PBXGroup;
			children = (
				892720C82160CED5006E066F /* YPNavigationController+Configure.h */,
				892720C72160CED5006E066F /* YPNavigationController+Configure.m */,
				892720C42160CCD1006E066F /* SWTableViewController.h */,
				892720C52160CCD2006E066F /* SWTableViewController.m */,
				897EBB792147664800CC32BF /* SWViewController.h */,
				897EBB7A2147664800CC32BF /* SWViewController.m */,
			);
			path = Controller;
			sourceTree = "<group>";
		};
		897EBBAC2147C33100CC32BF /* Category */ = {
			isa = PBXGroup;
			children = (
				897EBBB42147C33100CC32BF /* Category.h */,
				897EBBB32147C33100CC32BF /* NSDate+Extension.h */,
				897EBBC22147C33100CC32BF /* NSDate+Extension.m */,
				897EBBC72147C33100CC32BF /* NSDate+Utilities.h */,
				897EBBB62147C33100CC32BF /* NSDate+Utilities.m */,
				897EBBC12147C33100CC32BF /* NSDictionary+HandleNSNull.h */,
				897EBBAE2147C33100CC32BF /* NSDictionary+HandleNSNull.m */,
				897EBBB72147C33100CC32BF /* NSDictionary+Safe.h */,
				897EBBC62147C33100CC32BF /* NSDictionary+Safe.m */,
				897EBBAF2147C33100CC32BF /* NSString+Common.h */,
				897EBBBE2147C33100CC32BF /* NSString+Common.m */,
				897EBBBD2147C33100CC32BF /* UIColor+layer.h */,
				897EBBB12147C33100CC32BF /* UIColor+layer.m */,
				897EBBBB2147C33100CC32BF /* UIImage+UI.h */,
				897EBBCB2147C33100CC32BF /* UIImage+UI.m */,
				897EBBC02147C33100CC32BF /* UITableView+Common.h */,
				897EBBAD2147C33100CC32BF /* UITableView+Common.m */,
				897EBBC82147C33100CC32BF /* UIView+Common.h */,
				897EBBB82147C33100CC32BF /* UIView+Common.m */,
				897EBBB02147C33100CC32BF /* UIView+FrameGeometry.h */,
				897EBBBF2147C33100CC32BF /* UIView+FrameGeometry.m */,
				897EBBBA2147C33100CC32BF /* UIView+GesAdditions.h */,
				897EBBC42147C33100CC32BF /* UIView+GesAdditions.m */,
				897EBBBC2147C33100CC32BF /* UIViewController+Animation.h */,
				897EBBCA2147C33100CC32BF /* UIViewController+Animation.m */,
			);
			path = Category;
			sourceTree = "<group>";
		};
		89DF915C215E0FD100AFE6B2 /* Resources */ = {
			isa = PBXGroup;
			children = (
			);
			path = Resources;
			sourceTree = "<group>";
		};
		89DF91C4215F2C9300AFE6B2 /* CMAutoTracker */ = {
			isa = PBXGroup;
			children = (
				89DF91C9215F2C9300AFE6B2 /* CMAutoTrackerOperation.h */,
				89DF91C6215F2C9300AFE6B2 /* CMAutoTrackerOperation.m */,
				89DF91C8215F2C9300AFE6B2 /* NSObject+CMAutoTracker.h */,
				89DF91C5215F2C9300AFE6B2 /* NSObject+CMAutoTracker.m */,
				89DF91CA215F2C9300AFE6B2 /* UIViewController+CMAutoTracker.h */,
				89DF91C7215F2C9300AFE6B2 /* UIViewController+CMAutoTracker.m */,
			);
			path = CMAutoTracker;
			sourceTree = "<group>";
		};
		89DF91E32160645600AFE6B2 /* XLForm */ = {
			isa = PBXGroup;
			children = (
				89DF91E52160645600AFE6B2 /* XL */,
				89DF91E42160645600AFE6B2 /* XLForm.bundle */,
			);
			path = XLForm;
			sourceTree = "<group>";
		};
		89DF91E52160645600AFE6B2 /* XL */ = {
			isa = PBXGroup;
			children = (
				89DF91E62160645600AFE6B2 /* XLForm.h */,
				89DF921A2160645600AFE6B2 /* XLForm.m */,
				89DF91E72160645600AFE6B2 /* Cell */,
				89DF920A2160645600AFE6B2 /* Descriptors */,
				89DF92122160645600AFE6B2 /* Controllers */,
				89DF921B2160645600AFE6B2 /* Helpers */,
				89DF92312160645600AFE6B2 /* Validation */,
			);
			path = XL;
			sourceTree = "<group>";
		};
		89DF91E72160645600AFE6B2 /* Cell */ = {
			isa = PBXGroup;
			children = (
				89DF92032160645600AFE6B2 /* XLFormBaseCell.h */,
				89DF91F22160645600AFE6B2 /* XLFormBaseCell.m */,
				89DF91FD2160645600AFE6B2 /* XLFormButtonCell.h */,
				89DF91ED2160645600AFE6B2 /* XLFormButtonCell.m */,
				89DF91FE2160645600AFE6B2 /* XLFormCheckCell.h */,
				89DF91EC2160645600AFE6B2 /* XLFormCheckCell.m */,
				89DF91F82160645600AFE6B2 /* XLFormDateCell.h */,
				89DF92062160645600AFE6B2 /* XLFormDateCell.m */,
				89DF91F52160645600AFE6B2 /* XLFormDatePickerCell.h */,
				89DF92092160645600AFE6B2 /* XLFormDatePickerCell.m */,
				89DF91EE2160645600AFE6B2 /* XLFormDescriptorCell.h */,
				89DF91F32160645600AFE6B2 /* XLFormImageCell.h */,
				89DF92002160645600AFE6B2 /* XLFormImageCell.m */,
				89DF91F02160645600AFE6B2 /* XLFormInlineRowDescriptorCell.h */,
				89DF91E92160645600AFE6B2 /* XLFormInlineSelectorCell.h */,
				89DF91FB2160645600AFE6B2 /* XLFormInlineSelectorCell.m */,
				89DF91F12160645600AFE6B2 /* XLFormLeftRightSelectorCell.h */,
				89DF92022160645600AFE6B2 /* XLFormLeftRightSelectorCell.m */,
				89DF91EF2160645600AFE6B2 /* XLFormPickerCell.h */,
				89DF92042160645600AFE6B2 /* XLFormPickerCell.m */,
				89DF91FF2160645600AFE6B2 /* XLFormSegmentedCell.h */,
				89DF91EB2160645600AFE6B2 /* XLFormSegmentedCell.m */,
				89DF91F72160645600AFE6B2 /* XLFormSelectorCell.h */,
				89DF92072160645600AFE6B2 /* XLFormSelectorCell.m */,
				89DF92052160645600AFE6B2 /* XLFormSliderCell.h */,
				89DF91F92160645600AFE6B2 /* XLFormSliderCell.m */,
				89DF91FA2160645600AFE6B2 /* XLFormStepCounterCell.h */,
				89DF91EA2160645600AFE6B2 /* XLFormStepCounterCell.m */,
				89DF92012160645600AFE6B2 /* XLFormSwitchCell.h */,
				89DF91F42160645600AFE6B2 /* XLFormSwitchCell.m */,
				89DF91F62160645600AFE6B2 /* XLFormTextFieldCell.h */,
				89DF92082160645600AFE6B2 /* XLFormTextFieldCell.m */,
				89DF91FC2160645600AFE6B2 /* XLFormTextViewCell.h */,
				89DF91E82160645600AFE6B2 /* XLFormTextViewCell.m */,
			);
			path = Cell;
			sourceTree = "<group>";
		};
		89DF920A2160645600AFE6B2 /* Descriptors */ = {
			isa = PBXGroup;
			children = (
				89DF920B2160645600AFE6B2 /* XLFormDescriptor.h */,
				89DF92102160645600AFE6B2 /* XLFormDescriptor.m */,
				89DF920D2160645600AFE6B2 /* XLFormDescriptorDelegate.h */,
				89DF920C2160645600AFE6B2 /* XLFormRowDescriptor.h */,
				89DF920F2160645600AFE6B2 /* XLFormRowDescriptor.m */,
				89DF92112160645600AFE6B2 /* XLFormSectionDescriptor.h */,
				89DF920E2160645600AFE6B2 /* XLFormSectionDescriptor.m */,
			);
			path = Descriptors;
			sourceTree = "<group>";
		};
		89DF92122160645600AFE6B2 /* Controllers */ = {
			isa = PBXGroup;
			children = (
				89DF92142160645600AFE6B2 /* XLFormOptionsObject.h */,
				89DF92192160645600AFE6B2 /* XLFormOptionsObject.m */,
				89DF92152160645600AFE6B2 /* XLFormOptionsViewController.h */,
				89DF92182160645600AFE6B2 /* XLFormOptionsViewController.m */,
				89DF92162160645600AFE6B2 /* XLFormRowDescriptorViewController.h */,
				89DF92172160645600AFE6B2 /* XLFormViewController.h */,
				89DF92132160645600AFE6B2 /* XLFormViewController.m */,
			);
			path = Controllers;
			sourceTree = "<group>";
		};
		89DF921B2160645600AFE6B2 /* Helpers */ = {
			isa = PBXGroup;
			children = (
				89DF92202160645600AFE6B2 /* NSArray+XLFormAdditions.h */,
				89DF922F2160645600AFE6B2 /* NSArray+XLFormAdditions.m */,
				89DF92232160645600AFE6B2 /* NSExpression+XLFormAdditions.h */,
				89DF921E2160645600AFE6B2 /* NSExpression+XLFormAdditions.m */,
				89DF92222160645600AFE6B2 /* NSObject+XLFormAdditions.h */,
				89DF921C2160645600AFE6B2 /* NSObject+XLFormAdditions.m */,
				89DF92242160645600AFE6B2 /* NSPredicate+XLFormAdditions.h */,
				89DF921D2160645600AFE6B2 /* NSPredicate+XLFormAdditions.m */,
				89DF922E2160645600AFE6B2 /* NSString+XLFormAdditions.h */,
				89DF92212160645600AFE6B2 /* NSString+XLFormAdditions.m */,
				89DF921F2160645600AFE6B2 /* UIView+XLFormAdditions.h */,
				89DF92302160645600AFE6B2 /* UIView+XLFormAdditions.m */,
				89DF92252160645600AFE6B2 /* Views */,
			);
			path = Helpers;
			sourceTree = "<group>";
		};
		89DF92252160645600AFE6B2 /* Views */ = {
			isa = PBXGroup;
			children = (
				89DF92262160645600AFE6B2 /* XLFormRightImageButton.m */,
				89DF92272160645600AFE6B2 /* XLFormTextView.m */,
				89DF92282160645600AFE6B2 /* XLFormRowNavigationAccessoryView.m */,
				89DF92292160645600AFE6B2 /* XLFormRightDetailCell.m */,
				89DF922A2160645600AFE6B2 /* XLFormTextView.h */,
				89DF922B2160645600AFE6B2 /* XLFormRightImageButton.h */,
				89DF922C2160645600AFE6B2 /* XLFormRightDetailCell.h */,
				89DF922D2160645600AFE6B2 /* XLFormRowNavigationAccessoryView.h */,
			);
			path = Views;
			sourceTree = "<group>";
		};
		89DF92312160645600AFE6B2 /* Validation */ = {
			isa = PBXGroup;
			children = (
				89DF92362160645600AFE6B2 /* XLFormRegexValidator.h */,
				89DF92322160645600AFE6B2 /* XLFormRegexValidator.m */,
				89DF92372160645600AFE6B2 /* XLFormValidationStatus.h */,
				89DF92342160645600AFE6B2 /* XLFormValidationStatus.m */,
				89DF92332160645600AFE6B2 /* XLFormValidator.h */,
				89DF92352160645600AFE6B2 /* XLFormValidator.m */,
				89DF92382160645600AFE6B2 /* XLFormValidatorProtocol.h */,
			);
			path = Validation;
			sourceTree = "<group>";
		};
		AD8237014271D1CACE5D2039 /* Frameworks */ = {
			isa = PBXGroup;
			children = (
				03141A692146A7A60030B553 /* libxml2.2.tbd */,
				9EA9D01FD7A1B70092AD68B9 /* Pods_Moments.framework */,
			);
			name = Frameworks;
			sourceTree = "<group>";
		};
/* End PBXGroup section */

/* Begin PBXNativeTarget section */
		0314194521469BB50030B553 /* Moments */ = {
			isa = PBXNativeTarget;
			buildConfigurationList = 0314195C21469BB60030B553 /* Build configuration list for PBXNativeTarget "Moments" */;
			buildPhases = (
				C68ACC5DFBADD063DD803C21 /* [CP] Check Pods Manifest.lock */,
				0314194221469BB50030B553 /* Sources */,
				0314194321469BB50030B553 /* Frameworks */,
				0314194421469BB50030B553 /* Resources */,
				B9F42F6ED8F857457E09A507 /* [CP] Embed Pods Frameworks */,
			);
			buildRules = (
			);
			dependencies = (
			);
			name = Moments;
			productName = Moments;
			productReference = 0314194621469BB50030B553 /* Moments.app */;
			productType = "com.apple.product-type.application";
		};
/* End PBXNativeTarget section */

/* Begin PBXProject section */
		0314193E21469BB50030B553 /* Project object */ = {
			isa = PBXProject;
			attributes = {
				LastUpgradeCheck = 0940;
				ORGANIZATIONNAME = songguohua;
				TargetAttributes = {
					0314194521469BB50030B553 = {
						CreatedOnToolsVersion = 9.4.1;
						SystemCapabilities = {
							com.apple.BackgroundModes = {
								enabled = 1;
							};
						};
					};
				};
			};
			buildConfigurationList = 0314194121469BB50030B553 /* Build configuration list for PBXProject "Moments" */;
			compatibilityVersion = "Xcode 9.3";
			developmentRegion = en;
			hasScannedForEncodings = 0;
			knownRegions = (
				en,
				Base,
			);
			mainGroup = 0314193D21469BB50030B553;
			productRefGroup = 0314194721469BB50030B553 /* Products */;
			projectDirPath = "";
			projectRoot = "";
			targets = (
				0314194521469BB50030B553 /* Moments */,
			);
		};
/* End PBXProject section */

/* Begin PBXResourcesBuildPhase section */
		0314194421469BB50030B553 /* Resources */ = {
			isa = PBXResourcesBuildPhase;
			buildActionMask = 2147483647;
			files = (
				0314195321469BB60030B553 /* Assets.xcassets in Resources */,
				897EBBE4214A2F8D00CC32BF /* GoogleService-Info.plist in Resources */,
				89DF92392160645600AFE6B2 /* XLForm.bundle in Resources */,
			);
			runOnlyForDeploymentPostprocessing = 0;
		};
/* End PBXResourcesBuildPhase section */

/* Begin PBXShellScriptBuildPhase section */
		B9F42F6ED8F857457E09A507 /* [CP] Embed Pods Frameworks */ = {
			isa = PBXShellScriptBuildPhase;
			buildActionMask = 2147483647;
			files = (
			);
			inputPaths = (
				"${SRCROOT}/Pods/Target Support Files/Pods-Moments/Pods-Moments-frameworks.sh",
				"${BUILT_PRODUCTS_DIR}/BlocksKit/BlocksKit.framework",
				"${BUILT_PRODUCTS_DIR}/ChameleonFramework/ChameleonFramework.framework",
				"${BUILT_PRODUCTS_DIR}/DZNEmptyDataSet/DZNEmptyDataSet.framework",
				"${BUILT_PRODUCTS_DIR}/MJExtension/MJExtension.framework",
				"${BUILT_PRODUCTS_DIR}/MJRefresh/MJRefresh.framework",
				"${BUILT_PRODUCTS_DIR}/Masonry/Masonry.framework",
				"${BUILT_PRODUCTS_DIR}/QMUIKit/QMUIKit.framework",
				"${BUILT_PRODUCTS_DIR}/ReactiveObjC/ReactiveObjC.framework",
				"${BUILT_PRODUCTS_DIR}/Realm/Realm.framework",
				"${BUILT_PRODUCTS_DIR}/SDWebImage/SDWebImage.framework",
				"${BUILT_PRODUCTS_DIR}/STPopup/STPopup.framework",
				"${BUILT_PRODUCTS_DIR}/TBActionSheet/TBActionSheet.framework",
				"${BUILT_PRODUCTS_DIR}/TPKeyboardAvoiding/TPKeyboardAvoiding.framework",
				"${BUILT_PRODUCTS_DIR}/TZImagePickerController/TZImagePickerController.framework",
				"${BUILT_PRODUCTS_DIR}/YPNavigationBarTransition/YPNavigationBarTransition.framework",
			);
			name = "[CP] Embed Pods Frameworks";
			outputPaths = (
				"${TARGET_BUILD_DIR}/${FRAMEWORKS_FOLDER_PATH}/BlocksKit.framework",
				"${TARGET_BUILD_DIR}/${FRAMEWORKS_FOLDER_PATH}/ChameleonFramework.framework",
				"${TARGET_BUILD_DIR}/${FRAMEWORKS_FOLDER_PATH}/DZNEmptyDataSet.framework",
				"${TARGET_BUILD_DIR}/${FRAMEWORKS_FOLDER_PATH}/MJExtension.framework",
				"${TARGET_BUILD_DIR}/${FRAMEWORKS_FOLDER_PATH}/MJRefresh.framework",
				"${TARGET_BUILD_DIR}/${FRAMEWORKS_FOLDER_PATH}/Masonry.framework",
				"${TARGET_BUILD_DIR}/${FRAMEWORKS_FOLDER_PATH}/QMUIKit.framework",
				"${TARGET_BUILD_DIR}/${FRAMEWORKS_FOLDER_PATH}/ReactiveObjC.framework",
				"${TARGET_BUILD_DIR}/${FRAMEWORKS_FOLDER_PATH}/Realm.framework",
				"${TARGET_BUILD_DIR}/${FRAMEWORKS_FOLDER_PATH}/SDWebImage.framework",
				"${TARGET_BUILD_DIR}/${FRAMEWORKS_FOLDER_PATH}/STPopup.framework",
				"${TARGET_BUILD_DIR}/${FRAMEWORKS_FOLDER_PATH}/TBActionSheet.framework",
				"${TARGET_BUILD_DIR}/${FRAMEWORKS_FOLDER_PATH}/TPKeyboardAvoiding.framework",
				"${TARGET_BUILD_DIR}/${FRAMEWORKS_FOLDER_PATH}/TZImagePickerController.framework",
				"${TARGET_BUILD_DIR}/${FRAMEWORKS_FOLDER_PATH}/YPNavigationBarTransition.framework",
			);
			runOnlyForDeploymentPostprocessing = 0;
			shellPath = /bin/sh;
			shellScript = "\"${SRCROOT}/Pods/Target Support Files/Pods-Moments/Pods-Moments-frameworks.sh\"\n";
			showEnvVarsInLog = 0;
		};
		C68ACC5DFBADD063DD803C21 /* [CP] Check Pods Manifest.lock */ = {
			isa = PBXShellScriptBuildPhase;
			buildActionMask = 2147483647;
			files = (
			);
			inputPaths = (
				"${PODS_PODFILE_DIR_PATH}/Podfile.lock",
				"${PODS_ROOT}/Manifest.lock",
			);
			name = "[CP] Check Pods Manifest.lock";
			outputPaths = (
				"$(DERIVED_FILE_DIR)/Pods-Moments-checkManifestLockResult.txt",
			);
			runOnlyForDeploymentPostprocessing = 0;
			shellPath = /bin/sh;
			shellScript = "diff \"${PODS_PODFILE_DIR_PATH}/Podfile.lock\" \"${PODS_ROOT}/Manifest.lock\" > /dev/null\nif [ $? != 0 ] ; then\n    # print error to STDERR\n    echo \"error: The sandbox is not in sync with the Podfile.lock. Run 'pod install' or update your CocoaPods installation.\" >&2\n    exit 1\nfi\n# This output is used by Xcode 'outputs' to avoid re-running this script phase.\necho \"SUCCESS\" > \"${SCRIPT_OUTPUT_FILE_0}\"\n";
			showEnvVarsInLog = 0;
		};
/* End PBXShellScriptBuildPhase section */

/* Begin PBXSourcesBuildPhase section */
		0314194221469BB50030B553 /* Sources */ = {
			isa = PBXSourcesBuildPhase;
			buildActionMask = 2147483647;
			files = (
				897EBBCC2147C33200CC32BF /* UITableView+Common.m in Sources */,
				03141A402146A3FB0030B553 /* LWTransactionGroup.m in Sources */,
				89DF92572160645600AFE6B2 /* XLFormRowNavigationAccessoryView.m in Sources */,
				897EBBD12147C33200CC32BF /* NSDate+Utilities.m in Sources */,
				03141A3D2146A3FB0030B553 /* CALayer+WebCacheOperation.m in Sources */,
				89DF923E2160645600AFE6B2 /* XLFormButtonCell.m in Sources */,
				89DF925B2160645600AFE6B2 /* XLFormRegexValidator.m in Sources */,
				897EBBD82147C33200CC32BF /* NSDictionary+Safe.m in Sources */,
				89DF925D2160645600AFE6B2 /* XLFormValidator.m in Sources */,
				89DF92532160645600AFE6B2 /* NSExpression+XLFormAdditions.m in Sources */,
				89DF92482160645600AFE6B2 /* XLFormTextFieldCell.m in Sources */,
				89DF92552160645600AFE6B2 /* XLFormRightImageButton.m in Sources */,
				89DF923D2160645600AFE6B2 /* XLFormCheckCell.m in Sources */,
				89DF924F2160645600AFE6B2 /* XLFormOptionsObject.m in Sources */,
				897EBBCE2147C33200CC32BF /* UIColor+layer.m in Sources */,
				89DF92502160645600AFE6B2 /* XLForm.m in Sources */,
				03141A562146A3FB0030B553 /* LWStorage.m in Sources */,
				03141A362146A3FA0030B553 /* LWTransaction.m in Sources */,
				897EBBD42147C33200CC32BF /* NSString+Common.m in Sources */,
				03141A3A2146A3FB0030B553 /* LWTextGlyph.m in Sources */,
				89DF91CC215F2C9300AFE6B2 /* CMAutoTrackerOperation.m in Sources */,
				03141A532146A3FB0030B553 /* LWImageProcessor.m in Sources */,
				03141A412146A3FB0030B553 /* NSMutableAttributedString+Gallop.m in Sources */,
				89DF924A2160645600AFE6B2 /* XLFormSectionDescriptor.m in Sources */,
				03141A522146A3FB0030B553 /* SDImageCache+Gallop.m in Sources */,
				892721B1216F351B006E066F /* SWTheme.m in Sources */,
				89DF92422160645600AFE6B2 /* XLFormInlineSelectorCell.m in Sources */,
				03141A422146A3FB0030B553 /* NSManagedObject+LWLayout.m in Sources */,
				03141A492146A3FB0030B553 /* LWHTMLDisplayView.m in Sources */,
				89DF92412160645600AFE6B2 /* XLFormSliderCell.m in Sources */,
				89DF92582160645600AFE6B2 /* XLFormRightDetailCell.m in Sources */,
				892720C62160CCD2006E066F /* SWTableViewController.m in Sources */,
				89DF92562160645600AFE6B2 /* XLFormTextView.m in Sources */,
				03141A552146A3FB0030B553 /* LWTextParser.m in Sources */,
				897EBBD92147C33200CC32BF /* UIViewController+Animation.m in Sources */,
				89DF925A2160645600AFE6B2 /* UIView+XLFormAdditions.m in Sources */,
				897EBBCD2147C33200CC32BF /* NSDictionary+HandleNSNull.m in Sources */,
				03141A672146A64A0030B553 /* AppConfigurationTemplate.m in Sources */,
				03141A502146A3FB0030B553 /* LWAsyncImageView.m in Sources */,
				03141A3E2146A3FB0030B553 /* LWAsyncImageView+Display.m in Sources */,
				89272198216DC5FA006E066F /* HTTraffic.m in Sources */,
				89DF923C2160645600AFE6B2 /* XLFormSegmentedCell.m in Sources */,
				03141A572146A3FB0030B553 /* NSString+HTML.m in Sources */,
				89DF924C2160645600AFE6B2 /* XLFormDescriptor.m in Sources */,
				03141A4E2146A3FB0030B553 /* LWImageStorage.m in Sources */,
				03141A512146A3FB0030B553 /* CALayer+WebCache.m in Sources */,
				03141A482146A3FB0030B553 /* LWFlag.m in Sources */,
				03141A382146A3FB0030B553 /* LWCGRectTransform.m in Sources */,
				03141A4B2146A3FB0030B553 /* LWTextStorage.m in Sources */,
				897EBB81214767DC00CC32BF /* IndexViewController.m in Sources */,
				0314195921469BB60030B553 /* main.m in Sources */,
				89DF91CD215F2C9300AFE6B2 /* UIViewController+CMAutoTracker.m in Sources */,
				89DF924E2160645600AFE6B2 /* XLFormOptionsViewController.m in Sources */,
				03141A4C2146A3FB0030B553 /* LWStorageBuilder.m in Sources */,
				892720FA216C4956006E066F /* SWRealmConfiguration.m in Sources */,
				03141A592146A3FB0030B553 /* LWHTMLParser.m in Sources */,
				03141A372146A3FA0030B553 /* LWTextLayout.m in Sources */,
				897EBB7B2147664800CC32BF /* SWViewController.m in Sources */,
				0314194B21469BB50030B553 /* AppDelegate.m in Sources */,
				89DF923B2160645600AFE6B2 /* XLFormStepCounterCell.m in Sources */,
				89DF923F2160645600AFE6B2 /* XLFormBaseCell.m in Sources */,
				89DF92462160645600AFE6B2 /* XLFormDateCell.m in Sources */,
				03141A4D2146A3FB0030B553 /* LWAsyncDisplayLayer.m in Sources */,
				897EBBD52147C33200CC32BF /* UIView+FrameGeometry.m in Sources */,
				89DF92542160645600AFE6B2 /* NSString+XLFormAdditions.m in Sources */,
				897EBBDA2147C33200CC32BF /* UIImage+UI.m in Sources */,
				03141A582146A3FB0030B553 /* LWAsyncDisplayView.m in Sources */,
				89DF924B2160645600AFE6B2 /* XLFormRowDescriptor.m in Sources */,
				89DF92442160645600AFE6B2 /* XLFormLeftRightSelectorCell.m in Sources */,
				03141A5A2146A3FB0030B553 /* LWAsyncImageView+WebCacheOperation.m in Sources */,
				89DF92452160645600AFE6B2 /* XLFormPickerCell.m in Sources */,
				03141A5B2146A3FB0030B553 /* UIImage+Gallop.m in Sources */,
				03141A432146A3FB0030B553 /* LWTextAttachment.m in Sources */,
				897EBBD62147C33200CC32BF /* NSDate+Extension.m in Sources */,
				89DF91CB215F2C9300AFE6B2 /* NSObject+CMAutoTracker.m in Sources */,
				03141A5D2146A3FB0030B553 /* LWAsyncImageView+WebCache.m in Sources */,
				897EBBD72147C33200CC32BF /* UIView+GesAdditions.m in Sources */,
				03141A462146A3FB0030B553 /* LWHTMLTextConfig.m in Sources */,
				897EBBD22147C33200CC32BF /* UIView+Common.m in Sources */,
				03141A3C2146A3FB0030B553 /* LWHTMLImageConfig.m in Sources */,
				03141A4F2146A3FB0030B553 /* LWHTMLNode.m in Sources */,
				03141A4A2146A3FB0030B553 /* LWTextLine.m in Sources */,
				03141A3F2146A3FB0030B553 /* LWLayout.m in Sources */,
				03141A442146A3FB0030B553 /* NSString+HKMD5.m in Sources */,
				03141A3B2146A3FB0030B553 /* LWGIFImage.m in Sources */,
				892720C92160CED5006E066F /* YPNavigationController+Configure.m in Sources */,
				89DF92522160645600AFE6B2 /* NSPredicate+XLFormAdditions.m in Sources */,
				03141A472146A3FB0030B553 /* SDWebImageManager+Gallop.m in Sources */,
				89DF92472160645600AFE6B2 /* XLFormSelectorCell.m in Sources */,
				89DF925C2160645600AFE6B2 /* XLFormValidationStatus.m in Sources */,
				89DF92492160645600AFE6B2 /* XLFormDatePickerCell.m in Sources */,
				89DF92432160645600AFE6B2 /* XLFormImageCell.m in Sources */,
				89DF924D2160645600AFE6B2 /* XLFormViewController.m in Sources */,
				892721A0216DF1EC006E066F /* SWDataCounter.m in Sources */,
				03141A352146A3FA0030B553 /* LWTextContainer.m in Sources */,
				03141A392146A3FB0030B553 /* LWHTMLLayout.m in Sources */,
				03141A5C2146A3FB0030B553 /* LWTextRunDelegate.m in Sources */,
				03141A542146A3FB0030B553 /* GallopUtils.m in Sources */,
				03141A452146A3FB0030B553 /* CALayer+LWTransaction.m in Sources */,
				89DF92512160645600AFE6B2 /* NSObject+XLFormAdditions.m in Sources */,
				89DF92402160645600AFE6B2 /* XLFormSwitchCell.m in Sources */,
				89DF92592160645600AFE6B2 /* NSArray+XLFormAdditions.m in Sources */,
				892721A9216F3406006E066F /* SWColorViewController.m in Sources */,
				89DF923A2160645600AFE6B2 /* XLFormTextViewCell.m in Sources */,
			);
			runOnlyForDeploymentPostprocessing = 0;
		};
/* End PBXSourcesBuildPhase section */

/* Begin XCBuildConfiguration section */
		0314195A21469BB60030B553 /* Debug */ = {
			isa = XCBuildConfiguration;
			buildSettings = {
				ALWAYS_SEARCH_USER_PATHS = NO;
				CLANG_ANALYZER_NONNULL = YES;
				CLANG_ANALYZER_NUMBER_OBJECT_CONVERSION = YES_AGGRESSIVE;
				CLANG_CXX_LANGUAGE_STANDARD = "gnu++14";
				CLANG_CXX_LIBRARY = "libc++";
				CLANG_ENABLE_MODULES = YES;
				CLANG_ENABLE_OBJC_ARC = YES;
				CLANG_ENABLE_OBJC_WEAK = YES;
				CLANG_WARN_BLOCK_CAPTURE_AUTORELEASING = YES;
				CLANG_WARN_BOOL_CONVERSION = YES;
				CLANG_WARN_COMMA = YES;
				CLANG_WARN_CONSTANT_CONVERSION = YES;
				CLANG_WARN_DEPRECATED_OBJC_IMPLEMENTATIONS = YES;
				CLANG_WARN_DIRECT_OBJC_ISA_USAGE = YES_ERROR;
				CLANG_WARN_DOCUMENTATION_COMMENTS = YES;
				CLANG_WARN_EMPTY_BODY = YES;
				CLANG_WARN_ENUM_CONVERSION = YES;
				CLANG_WARN_INFINITE_RECURSION = YES;
				CLANG_WARN_INT_CONVERSION = YES;
				CLANG_WARN_NON_LITERAL_NULL_CONVERSION = YES;
				CLANG_WARN_OBJC_IMPLICIT_RETAIN_SELF = YES;
				CLANG_WARN_OBJC_LITERAL_CONVERSION = YES;
				CLANG_WARN_OBJC_ROOT_CLASS = YES_ERROR;
				CLANG_WARN_RANGE_LOOP_ANALYSIS = YES;
				CLANG_WARN_STRICT_PROTOTYPES = YES;
				CLANG_WARN_SUSPICIOUS_MOVE = YES;
				CLANG_WARN_UNGUARDED_AVAILABILITY = YES_AGGRESSIVE;
				CLANG_WARN_UNREACHABLE_CODE = YES;
				CLANG_WARN__DUPLICATE_METHOD_MATCH = YES;
				CODE_SIGN_IDENTITY = "iPhone Developer";
				COPY_PHASE_STRIP = NO;
				DEBUG_INFORMATION_FORMAT = dwarf;
				ENABLE_STRICT_OBJC_MSGSEND = YES;
				ENABLE_TESTABILITY = YES;
				GCC_C_LANGUAGE_STANDARD = gnu11;
				GCC_DYNAMIC_NO_PIC = NO;
				GCC_NO_COMMON_BLOCKS = YES;
				GCC_OPTIMIZATION_LEVEL = 0;
				GCC_PREPROCESSOR_DEFINITIONS = (
					"DEBUG=1",
					"$(inherited)",
				);
				GCC_WARN_64_TO_32_BIT_CONVERSION = YES;
				GCC_WARN_ABOUT_RETURN_TYPE = YES_ERROR;
				GCC_WARN_UNDECLARED_SELECTOR = YES;
				GCC_WARN_UNINITIALIZED_AUTOS = YES_AGGRESSIVE;
				GCC_WARN_UNUSED_FUNCTION = YES;
				GCC_WARN_UNUSED_VARIABLE = YES;
				IPHONEOS_DEPLOYMENT_TARGET = 11.4;
				MTL_ENABLE_DEBUG_INFO = YES;
				ONLY_ACTIVE_ARCH = YES;
				SDKROOT = iphoneos;
			};
			name = Debug;
		};
		0314195B21469BB60030B553 /* Release */ = {
			isa = XCBuildConfiguration;
			buildSettings = {
				ALWAYS_SEARCH_USER_PATHS = NO;
				CLANG_ANALYZER_NONNULL = YES;
				CLANG_ANALYZER_NUMBER_OBJECT_CONVERSION = YES_AGGRESSIVE;
				CLANG_CXX_LANGUAGE_STANDARD = "gnu++14";
				CLANG_CXX_LIBRARY = "libc++";
				CLANG_ENABLE_MODULES = YES;
				CLANG_ENABLE_OBJC_ARC = YES;
				CLANG_ENABLE_OBJC_WEAK = YES;
				CLANG_WARN_BLOCK_CAPTURE_AUTORELEASING = YES;
				CLANG_WARN_BOOL_CONVERSION = YES;
				CLANG_WARN_COMMA = YES;
				CLANG_WARN_CONSTANT_CONVERSION = YES;
				CLANG_WARN_DEPRECATED_OBJC_IMPLEMENTATIONS = YES;
				CLANG_WARN_DIRECT_OBJC_ISA_USAGE = YES_ERROR;
				CLANG_WARN_DOCUMENTATION_COMMENTS = YES;
				CLANG_WARN_EMPTY_BODY = YES;
				CLANG_WARN_ENUM_CONVERSION = YES;
				CLANG_WARN_INFINITE_RECURSION = YES;
				CLANG_WARN_INT_CONVERSION = YES;
				CLANG_WARN_NON_LITERAL_NULL_CONVERSION = YES;
				CLANG_WARN_OBJC_IMPLICIT_RETAIN_SELF = YES;
				CLANG_WARN_OBJC_LITERAL_CONVERSION = YES;
				CLANG_WARN_OBJC_ROOT_CLASS = YES_ERROR;
				CLANG_WARN_RANGE_LOOP_ANALYSIS = YES;
				CLANG_WARN_STRICT_PROTOTYPES = YES;
				CLANG_WARN_SUSPICIOUS_MOVE = YES;
				CLANG_WARN_UNGUARDED_AVAILABILITY = YES_AGGRESSIVE;
				CLANG_WARN_UNREACHABLE_CODE = YES;
				CLANG_WARN__DUPLICATE_METHOD_MATCH = YES;
				CODE_SIGN_IDENTITY = "iPhone Developer";
				COPY_PHASE_STRIP = NO;
				DEBUG_INFORMATION_FORMAT = "dwarf-with-dsym";
				ENABLE_NS_ASSERTIONS = NO;
				ENABLE_STRICT_OBJC_MSGSEND = YES;
				GCC_C_LANGUAGE_STANDARD = gnu11;
				GCC_NO_COMMON_BLOCKS = YES;
				GCC_WARN_64_TO_32_BIT_CONVERSION = YES;
				GCC_WARN_ABOUT_RETURN_TYPE = YES_ERROR;
				GCC_WARN_UNDECLARED_SELECTOR = YES;
				GCC_WARN_UNINITIALIZED_AUTOS = YES_AGGRESSIVE;
				GCC_WARN_UNUSED_FUNCTION = YES;
				GCC_WARN_UNUSED_VARIABLE = YES;
				IPHONEOS_DEPLOYMENT_TARGET = 11.4;
				MTL_ENABLE_DEBUG_INFO = NO;
				SDKROOT = iphoneos;
				VALIDATE_PRODUCT = YES;
			};
			name = Release;
		};
		0314195D21469BB60030B553 /* Debug */ = {
			isa = XCBuildConfiguration;
			baseConfigurationReference = 05BDC4358F3399D37FD7F08F /* Pods-Moments.debug.xcconfig */;
			buildSettings = {
				ASSETCATALOG_COMPILER_APPICON_NAME = AppIcon;
				ASSETCATALOG_COMPILER_LAUNCHIMAGE_NAME = LaunchImage;
				CODE_SIGN_STYLE = Automatic;
				DEVELOPMENT_TEAM = WPXQYZSK2Q;
				GCC_PRECOMPILE_PREFIX_HEADER = YES;
				GCC_PREFIX_HEADER = "$(SRCROOT)/Moments/MomentsHeader.pch";
				HEADER_SEARCH_PATHS = "${SDK_DIR}/usr/include/libxml2";
				INFOPLIST_FILE = Moments/Info.plist;
				IPHONEOS_DEPLOYMENT_TARGET = 9.0;
				LD_RUNPATH_SEARCH_PATHS = (
					"$(inherited)",
					"@executable_path/Frameworks",
				);
				PRODUCT_BUNDLE_IDENTIFIER = com.swing.moments;
				PRODUCT_NAME = "$(TARGET_NAME)";
				TARGETED_DEVICE_FAMILY = 1;
			};
			name = Debug;
		};
		0314195E21469BB60030B553 /* Release */ = {
			isa = XCBuildConfiguration;
			baseConfigurationReference = A61FFE8889B53E330545BB1B /* Pods-Moments.release.xcconfig */;
			buildSettings = {
				ASSETCATALOG_COMPILER_APPICON_NAME = AppIcon;
				ASSETCATALOG_COMPILER_LAUNCHIMAGE_NAME = LaunchImage;
				CODE_SIGN_STYLE = Automatic;
				DEVELOPMENT_TEAM = WPXQYZSK2Q;
				GCC_PRECOMPILE_PREFIX_HEADER = YES;
				GCC_PREFIX_HEADER = "$(SRCROOT)/Moments/MomentsHeader.pch";
				HEADER_SEARCH_PATHS = "${SDK_DIR}/usr/include/libxml2";
				INFOPLIST_FILE = Moments/Info.plist;
				IPHONEOS_DEPLOYMENT_TARGET = 9.0;
				LD_RUNPATH_SEARCH_PATHS = (
					"$(inherited)",
					"@executable_path/Frameworks",
				);
				PRODUCT_BUNDLE_IDENTIFIER = com.swing.moments;
				PRODUCT_NAME = "$(TARGET_NAME)";
				TARGETED_DEVICE_FAMILY = 1;
			};
			name = Release;
		};
/* End XCBuildConfiguration section */

/* Begin XCConfigurationList section */
		0314194121469BB50030B553 /* Build configuration list for PBXProject "Moments" */ = {
			isa = XCConfigurationList;
			buildConfigurations = (
				0314195A21469BB60030B553 /* Debug */,
				0314195B21469BB60030B553 /* Release */,
			);
			defaultConfigurationIsVisible = 0;
			defaultConfigurationName = Release;
		};
		0314195C21469BB60030B553 /* Build configuration list for PBXNativeTarget "Moments" */ = {
			isa = XCConfigurationList;
			buildConfigurations = (
				0314195D21469BB60030B553 /* Debug */,
				0314195E21469BB60030B553 /* Release */,
			);
			defaultConfigurationIsVisible = 0;
			defaultConfigurationName = Release;
		};
/* End XCConfigurationList section */
	};
	rootObject = 0314193E21469BB50030B553 /* Project object */;
}
